{
  "version": 4,
  "terraform_version": "1.9.8",
  "serial": 828,
  "lineage": "325d8536-6ee6-5279-861c-d20c83566274",
  "outputs": {
    "ad_dc1_vm_ip_address": {
      "value": "172.211.11.94",
      "type": "string"
    },
    "ad_dc1_vm_name": {
      "value": "hrz-sec-dc1-vm",
      "type": "string"
    },
    "ad_domain_controllers_count": {
      "value": 1,
      "type": "number"
    },
    "ad_domain_controllers_list_ip_address": {
      "value": "10.127.1.11",
      "type": "string"
    },
    "ad_domain_joined_list_ip_address": {
      "value": "10.127.1.12",
      "type": "string"
    },
    "ad_domain_joined_servers_count": {
      "value": 1,
      "type": "number"
    },
    "network_resource_group_id": {
      "value": "/subscriptions/e9ee8090-9784-42d6-9534-bc1d881eeff6/resourceGroups/security-team-qufi",
      "type": "string"
    },
    "network_subnet_id": {
      "value": "/subscriptions/e9ee8090-9784-42d6-9534-bc1d881eeff6/resourceGroups/security-team-qufi/providers/Microsoft.Network/virtualNetworks/security-team-qufi/subnets/security-team-qufi",
      "type": "string"
    },
    "network_vnet_id": {
      "value": "/subscriptions/e9ee8090-9784-42d6-9534-bc1d881eeff6/resourceGroups/security-team-qufi/providers/Microsoft.Network/virtualNetworks/security-team-qufi",
      "type": "string"
    }
  },
  "resources": [
    {
      "mode": "managed",
      "type": "azurerm_network_interface",
      "name": "dc1-nic",
      "provider": "provider[\"registry.terraform.io/hashicorp/azurerm\"]",
      "instances": [
        {
          "schema_version": 0,
          "attributes": {
            "applied_dns_servers": [],
            "dns_servers": [
              "10.127.1.11"
            ],
            "edge_zone": "",
            "enable_accelerated_networking": false,
            "enable_ip_forwarding": false,
            "id": "/subscriptions/e9ee8090-9784-42d6-9534-bc1d881eeff6/resourceGroups/security-team-qufi/providers/Microsoft.Network/networkInterfaces/hrz-sec-dc1-nic",
            "internal_dns_name_label": "hrz-sec-dc1",
            "internal_domain_name_suffix": "lei4crnujr2ufmz1br3id5cmoe.ax.internal.cloudapp.net",
            "ip_configuration": [
              {
                "gateway_load_balancer_frontend_ip_configuration_id": "",
                "name": "hrz-sec-dc1-ip-config",
                "primary": true,
                "private_ip_address": "10.127.1.11",
                "private_ip_address_allocation": "Static",
                "private_ip_address_version": "IPv4",
                "public_ip_address_id": "/subscriptions/e9ee8090-9784-42d6-9534-bc1d881eeff6/resourceGroups/security-team-qufi/providers/Microsoft.Network/publicIPAddresses/hrz-sec-dc1-eip",
                "subnet_id": "/subscriptions/e9ee8090-9784-42d6-9534-bc1d881eeff6/resourceGroups/security-team-qufi/providers/Microsoft.Network/virtualNetworks/security-team-qufi/subnets/security-team-qufi"
              }
            ],
            "location": "westeurope",
            "mac_address": "",
            "name": "hrz-sec-dc1-nic",
            "private_ip_address": "10.127.1.11",
            "private_ip_addresses": [
              "10.127.1.11"
            ],
            "resource_group_name": "security-team-qufi",
            "tags": {
              "application": "security team",
              "environment": "dev"
            },
            "timeouts": null,
            "virtual_machine_id": ""
          },
          "sensitive_attributes": [],
          "private": "eyJlMmJmYjczMC1lY2FhLTExZTYtOGY4OC0zNDM2M2JjN2M0YzAiOnsiY3JlYXRlIjoxODAwMDAwMDAwMDAwLCJkZWxldGUiOjE4MDAwMDAwMDAwMDAsInJlYWQiOjMwMDAwMDAwMDAwMCwidXBkYXRlIjoxODAwMDAwMDAwMDAwfX0=",
          "dependencies": [
            "azurerm_public_ip.dc1-eip",
            "azurerm_resource_group.network-rg",
            "azurerm_subnet.network-subnet",
            "azurerm_virtual_network.network-vnet",
            "random_string.suffix"
          ]
        }
      ]
    },
    {
      "mode": "managed",
      "type": "azurerm_network_security_group",
      "name": "active-directory-client-nsg",
      "provider": "provider[\"registry.terraform.io/hashicorp/azurerm\"]",
      "instances": [
        {
          "schema_version": 0,
          "attributes": {
            "id": "/subscriptions/e9ee8090-9784-42d6-9534-bc1d881eeff6/resourceGroups/security-team-qufi/providers/Microsoft.Network/networkSecurityGroups/security-team-dev-client-nsg",
            "location": "westeurope",
            "name": "security-team-dev-client-nsg",
            "resource_group_name": "security-team-qufi",
            "security_rule": [],
            "tags": {
              "Environment": "dev",
              "Name": "security team-dev-client-sg",
              "description": "NSG for AD Clients"
            },
            "timeouts": null
          },
          "sensitive_attributes": [],
          "private": "eyJlMmJmYjczMC1lY2FhLTExZTYtOGY4OC0zNDM2M2JjN2M0YzAiOnsiY3JlYXRlIjoxODAwMDAwMDAwMDAwLCJkZWxldGUiOjE4MDAwMDAwMDAwMDAsInJlYWQiOjMwMDAwMDAwMDAwMCwidXBkYXRlIjoxODAwMDAwMDAwMDAwfX0=",
          "dependencies": [
            "azurerm_resource_group.network-rg",
            "random_string.suffix"
          ]
        }
      ]
    },
    {
      "mode": "managed",
      "type": "azurerm_network_security_group",
      "name": "active-directory-dc-nsg",
      "provider": "provider[\"registry.terraform.io/hashicorp/azurerm\"]",
      "instances": [
        {
          "schema_version": 0,
          "attributes": {
            "id": "/subscriptions/e9ee8090-9784-42d6-9534-bc1d881eeff6/resourceGroups/security-team-qufi/providers/Microsoft.Network/networkSecurityGroups/security-team-dev-dc-nsg",
            "location": "westeurope",
            "name": "security-team-dev-dc-nsg",
            "resource_group_name": "security-team-qufi",
            "security_rule": [],
            "tags": {
              "Environment": "dev",
              "Name": "security team-dev-dc-sg",
              "description": "NSG For AD Domain Controllers"
            },
            "timeouts": null
          },
          "sensitive_attributes": [],
          "private": "eyJlMmJmYjczMC1lY2FhLTExZTYtOGY4OC0zNDM2M2JjN2M0YzAiOnsiY3JlYXRlIjoxODAwMDAwMDAwMDAwLCJkZWxldGUiOjE4MDAwMDAwMDAwMDAsInJlYWQiOjMwMDAwMDAwMDAwMCwidXBkYXRlIjoxODAwMDAwMDAwMDAwfX0=",
          "dependencies": [
            "azurerm_resource_group.network-rg",
            "random_string.suffix"
          ]
        }
      ]
    },
    {
      "mode": "managed",
      "type": "azurerm_network_security_group",
      "name": "dc1-vm-nsg",
      "provider": "provider[\"registry.terraform.io/hashicorp/azurerm\"]",
      "instances": [
        {
          "schema_version": 0,
          "attributes": {
            "id": "/subscriptions/e9ee8090-9784-42d6-9534-bc1d881eeff6/resourceGroups/security-team-qufi/providers/Microsoft.Network/networkSecurityGroups/hrz-sec-dc1-nsg",
            "location": "westeurope",
            "name": "hrz-sec-dc1-nsg",
            "resource_group_name": "security-team-qufi",
            "security_rule": [
              {
                "access": "Allow",
                "description": "Allow RDP",
                "destination_address_prefix": "*",
                "destination_address_prefixes": [],
                "destination_application_security_group_ids": [],
                "destination_port_range": "3389",
                "destination_port_ranges": [],
                "direction": "Inbound",
                "name": "AllowRDP",
                "priority": 150,
                "protocol": "Tcp",
                "source_address_prefix": "Internet",
                "source_address_prefixes": [],
                "source_application_security_group_ids": [],
                "source_port_range": "*",
                "source_port_ranges": []
              },
              {
                "access": "Allow",
                "description": "Allow https",
                "destination_address_prefix": "*",
                "destination_address_prefixes": [],
                "destination_application_security_group_ids": [],
                "destination_port_range": "443",
                "destination_port_ranges": [],
                "direction": "Inbound",
                "name": "Allowhttps",
                "priority": 300,
                "protocol": "Tcp",
                "source_address_prefix": "Internet",
                "source_address_prefixes": [],
                "source_application_security_group_ids": [],
                "source_port_range": "*",
                "source_port_ranges": []
              },
              {
                "access": "Allow",
                "description": "Allow ssh",
                "destination_address_prefix": "*",
                "destination_address_prefixes": [],
                "destination_application_security_group_ids": [],
                "destination_port_range": "22",
                "destination_port_ranges": [],
                "direction": "Inbound",
                "name": "Allowssh",
                "priority": 200,
                "protocol": "Tcp",
                "source_address_prefix": "Internet",
                "source_address_prefixes": [],
                "source_application_security_group_ids": [],
                "source_port_range": "*",
                "source_port_ranges": []
              },
              {
                "access": "Allow",
                "description": "Allow wrm",
                "destination_address_prefix": "*",
                "destination_address_prefixes": [],
                "destination_application_security_group_ids": [],
                "destination_port_range": "5985",
                "destination_port_ranges": [],
                "direction": "Inbound",
                "name": "AllowWRM",
                "priority": 400,
                "protocol": "Tcp",
                "source_address_prefix": "Internet",
                "source_address_prefixes": [],
                "source_application_security_group_ids": [],
                "source_port_range": "*",
                "source_port_ranges": []
              }
            ],
            "tags": {
              "application": "security team",
              "environment": "dev"
            },
            "timeouts": null
          },
          "sensitive_attributes": [],
          "private": "eyJlMmJmYjczMC1lY2FhLTExZTYtOGY4OC0zNDM2M2JjN2M0YzAiOnsiY3JlYXRlIjoxODAwMDAwMDAwMDAwLCJkZWxldGUiOjE4MDAwMDAwMDAwMDAsInJlYWQiOjMwMDAwMDAwMDAwMCwidXBkYXRlIjoxODAwMDAwMDAwMDAwfX0=",
          "dependencies": [
            "azurerm_resource_group.network-rg",
            "random_string.suffix"
          ]
        }
      ]
    },
    {
      "mode": "managed",
      "type": "azurerm_network_security_rule",
      "name": "icmp_client_inbound",
      "provider": "provider[\"registry.terraform.io/hashicorp/azurerm\"]",
      "instances": [
        {
          "index_key": 0,
          "schema_version": 0,
          "attributes": {
            "access": "Allow",
            "description": "Ping-1-Inbound",
            "destination_address_prefix": "*",
            "destination_address_prefixes": null,
            "destination_application_security_group_ids": null,
            "destination_port_range": "*",
            "destination_port_ranges": null,
            "direction": "Inbound",
            "id": "/subscriptions/e9ee8090-9784-42d6-9534-bc1d881eeff6/resourceGroups/security-team-qufi/providers/Microsoft.Network/networkSecurityGroups/security-team-dev-client-nsg/securityRules/Ping-1-Inbound",
            "name": "Ping-1-Inbound",
            "network_security_group_name": "security-team-dev-client-nsg",
            "priority": 220,
            "protocol": "Icmp",
            "resource_group_name": "security-team-qufi",
            "source_address_prefix": "10.127.1.12",
            "source_address_prefixes": null,
            "source_application_security_group_ids": null,
            "source_port_range": "*",
            "source_port_ranges": null,
            "timeouts": null
          },
          "sensitive_attributes": [],
          "private": "eyJlMmJmYjczMC1lY2FhLTExZTYtOGY4OC0zNDM2M2JjN2M0YzAiOnsiY3JlYXRlIjoxODAwMDAwMDAwMDAwLCJkZWxldGUiOjE4MDAwMDAwMDAwMDAsInJlYWQiOjMwMDAwMDAwMDAwMCwidXBkYXRlIjoxODAwMDAwMDAwMDAwfX0=",
          "dependencies": [
            "azurerm_network_security_group.active-directory-client-nsg",
            "azurerm_resource_group.network-rg",
            "random_string.suffix"
          ]
        }
      ]
    },
    {
      "mode": "managed",
      "type": "azurerm_network_security_rule",
      "name": "icmp_client_outbound",
      "provider": "provider[\"registry.terraform.io/hashicorp/azurerm\"]",
      "instances": [
        {
          "index_key": 0,
          "schema_version": 0,
          "attributes": {
            "access": "Allow",
            "description": "Ping-1-outbound",
            "destination_address_prefix": "10.127.1.12",
            "destination_address_prefixes": null,
            "destination_application_security_group_ids": null,
            "destination_port_range": "*",
            "destination_port_ranges": null,
            "direction": "Outbound",
            "id": "/subscriptions/e9ee8090-9784-42d6-9534-bc1d881eeff6/resourceGroups/security-team-qufi/providers/Microsoft.Network/networkSecurityGroups/security-team-dev-client-nsg/securityRules/Ping-1-outbound",
            "name": "Ping-1-outbound",
            "network_security_group_name": "security-team-dev-client-nsg",
            "priority": 220,
            "protocol": "Icmp",
            "resource_group_name": "security-team-qufi",
            "source_address_prefix": "*",
            "source_address_prefixes": null,
            "source_application_security_group_ids": null,
            "source_port_range": "*",
            "source_port_ranges": null,
            "timeouts": null
          },
          "sensitive_attributes": [],
          "private": "eyJlMmJmYjczMC1lY2FhLTExZTYtOGY4OC0zNDM2M2JjN2M0YzAiOnsiY3JlYXRlIjoxODAwMDAwMDAwMDAwLCJkZWxldGUiOjE4MDAwMDAwMDAwMDAsInJlYWQiOjMwMDAwMDAwMDAwMCwidXBkYXRlIjoxODAwMDAwMDAwMDAwfX0=",
          "dependencies": [
            "azurerm_network_security_group.active-directory-client-nsg",
            "azurerm_resource_group.network-rg",
            "random_string.suffix"
          ]
        }
      ]
    },
    {
      "mode": "managed",
      "type": "azurerm_network_security_rule",
      "name": "icmp_dc_inbound",
      "provider": "provider[\"registry.terraform.io/hashicorp/azurerm\"]",
      "instances": [
        {
          "index_key": 0,
          "schema_version": 0,
          "attributes": {
            "access": "Allow",
            "description": "Ping-1-Inbound",
            "destination_address_prefix": "*",
            "destination_address_prefixes": null,
            "destination_application_security_group_ids": null,
            "destination_port_range": "*",
            "destination_port_ranges": null,
            "direction": "Inbound",
            "id": "/subscriptions/e9ee8090-9784-42d6-9534-bc1d881eeff6/resourceGroups/security-team-qufi/providers/Microsoft.Network/networkSecurityGroups/security-team-dev-dc-nsg/securityRules/Ping-1-Inbound",
            "name": "Ping-1-Inbound",
            "network_security_group_name": "security-team-dev-dc-nsg",
            "priority": 270,
            "protocol": "Icmp",
            "resource_group_name": "security-team-qufi",
            "source_address_prefix": "10.127.1.11",
            "source_address_prefixes": null,
            "source_application_security_group_ids": null,
            "source_port_range": "*",
            "source_port_ranges": null,
            "timeouts": null
          },
          "sensitive_attributes": [],
          "private": "eyJlMmJmYjczMC1lY2FhLTExZTYtOGY4OC0zNDM2M2JjN2M0YzAiOnsiY3JlYXRlIjoxODAwMDAwMDAwMDAwLCJkZWxldGUiOjE4MDAwMDAwMDAwMDAsInJlYWQiOjMwMDAwMDAwMDAwMCwidXBkYXRlIjoxODAwMDAwMDAwMDAwfX0=",
          "dependencies": [
            "azurerm_network_security_group.active-directory-dc-nsg",
            "azurerm_resource_group.network-rg",
            "random_string.suffix"
          ]
        }
      ]
    },
    {
      "mode": "managed",
      "type": "azurerm_network_security_rule",
      "name": "tcp_135_client_inbound",
      "provider": "provider[\"registry.terraform.io/hashicorp/azurerm\"]",
      "instances": [
        {
          "index_key": 0,
          "schema_version": 0,
          "attributes": {
            "access": "Allow",
            "description": "135-RPC-1-Inbound",
            "destination_address_prefix": "*",
            "destination_address_prefixes": null,
            "destination_application_security_group_ids": null,
            "destination_port_range": "135",
            "destination_port_ranges": null,
            "direction": "Inbound",
            "id": "/subscriptions/e9ee8090-9784-42d6-9534-bc1d881eeff6/resourceGroups/security-team-qufi/providers/Microsoft.Network/networkSecurityGroups/security-team-dev-client-nsg/securityRules/135-RPC-1-Inbound",
            "name": "135-RPC-1-Inbound",
            "network_security_group_name": "security-team-dev-client-nsg",
            "priority": 170,
            "protocol": "Tcp",
            "resource_group_name": "security-team-qufi",
            "source_address_prefix": "10.127.1.12",
            "source_address_prefixes": null,
            "source_application_security_group_ids": null,
            "source_port_range": "*",
            "source_port_ranges": null,
            "timeouts": null
          },
          "sensitive_attributes": [],
          "private": "eyJlMmJmYjczMC1lY2FhLTExZTYtOGY4OC0zNDM2M2JjN2M0YzAiOnsiY3JlYXRlIjoxODAwMDAwMDAwMDAwLCJkZWxldGUiOjE4MDAwMDAwMDAwMDAsInJlYWQiOjMwMDAwMDAwMDAwMCwidXBkYXRlIjoxODAwMDAwMDAwMDAwfX0=",
          "dependencies": [
            "azurerm_network_security_group.active-directory-client-nsg",
            "azurerm_resource_group.network-rg",
            "random_string.suffix"
          ]
        }
      ]
    },
    {
      "mode": "managed",
      "type": "azurerm_network_security_rule",
      "name": "tcp_135_client_outbound",
      "provider": "provider[\"registry.terraform.io/hashicorp/azurerm\"]",
      "instances": [
        {
          "index_key": 0,
          "schema_version": 0,
          "attributes": {
            "access": "Allow",
            "description": "135-RPC-1-outbound",
            "destination_address_prefix": "10.127.1.12",
            "destination_address_prefixes": null,
            "destination_application_security_group_ids": null,
            "destination_port_range": "135",
            "destination_port_ranges": null,
            "direction": "Outbound",
            "id": "/subscriptions/e9ee8090-9784-42d6-9534-bc1d881eeff6/resourceGroups/security-team-qufi/providers/Microsoft.Network/networkSecurityGroups/security-team-dev-client-nsg/securityRules/135-RPC-1-outbound",
            "name": "135-RPC-1-outbound",
            "network_security_group_name": "security-team-dev-client-nsg",
            "priority": 170,
            "protocol": "Tcp",
            "resource_group_name": "security-team-qufi",
            "source_address_prefix": "*",
            "source_address_prefixes": null,
            "source_application_security_group_ids": null,
            "source_port_range": "*",
            "source_port_ranges": null,
            "timeouts": null
          },
          "sensitive_attributes": [],
          "private": "eyJlMmJmYjczMC1lY2FhLTExZTYtOGY4OC0zNDM2M2JjN2M0YzAiOnsiY3JlYXRlIjoxODAwMDAwMDAwMDAwLCJkZWxldGUiOjE4MDAwMDAwMDAwMDAsInJlYWQiOjMwMDAwMDAwMDAwMCwidXBkYXRlIjoxODAwMDAwMDAwMDAwfX0=",
          "dependencies": [
            "azurerm_network_security_group.active-directory-client-nsg",
            "azurerm_resource_group.network-rg",
            "random_string.suffix"
          ]
        }
      ]
    },
    {
      "mode": "managed",
      "type": "azurerm_network_security_rule",
      "name": "tcp_135_dc_inbound",
      "provider": "provider[\"registry.terraform.io/hashicorp/azurerm\"]",
      "instances": [
        {
          "index_key": 0,
          "schema_version": 0,
          "attributes": {
            "access": "Allow",
            "description": "135-RPC-1-Inbound",
            "destination_address_prefix": "*",
            "destination_address_prefixes": null,
            "destination_application_security_group_ids": null,
            "destination_port_range": "135",
            "destination_port_ranges": null,
            "direction": "Inbound",
            "id": "/subscriptions/e9ee8090-9784-42d6-9534-bc1d881eeff6/resourceGroups/security-team-qufi/providers/Microsoft.Network/networkSecurityGroups/security-team-dev-dc-nsg/securityRules/135-RPC-1-Inbound",
            "name": "135-RPC-1-Inbound",
            "network_security_group_name": "security-team-dev-dc-nsg",
            "priority": 150,
            "protocol": "Tcp",
            "resource_group_name": "security-team-qufi",
            "source_address_prefix": "10.127.1.11",
            "source_address_prefixes": null,
            "source_application_security_group_ids": null,
            "source_port_range": "*",
            "source_port_ranges": null,
            "timeouts": null
          },
          "sensitive_attributes": [],
          "private": "eyJlMmJmYjczMC1lY2FhLTExZTYtOGY4OC0zNDM2M2JjN2M0YzAiOnsiY3JlYXRlIjoxODAwMDAwMDAwMDAwLCJkZWxldGUiOjE4MDAwMDAwMDAwMDAsInJlYWQiOjMwMDAwMDAwMDAwMCwidXBkYXRlIjoxODAwMDAwMDAwMDAwfX0=",
          "dependencies": [
            "azurerm_network_security_group.active-directory-dc-nsg",
            "azurerm_resource_group.network-rg",
            "random_string.suffix"
          ]
        }
      ]
    },
    {
      "mode": "managed",
      "type": "azurerm_network_security_rule",
      "name": "tcp_135_dc_outbound",
      "provider": "provider[\"registry.terraform.io/hashicorp/azurerm\"]",
      "instances": [
        {
          "index_key": 0,
          "schema_version": 0,
          "attributes": {
            "access": "Allow",
            "description": "135-RPC-1-outbound",
            "destination_address_prefix": "10.127.1.11",
            "destination_address_prefixes": null,
            "destination_application_security_group_ids": null,
            "destination_port_range": "135",
            "destination_port_ranges": null,
            "direction": "Outbound",
            "id": "/subscriptions/e9ee8090-9784-42d6-9534-bc1d881eeff6/resourceGroups/security-team-qufi/providers/Microsoft.Network/networkSecurityGroups/security-team-dev-dc-nsg/securityRules/135-RPC-1-outbound",
            "name": "135-RPC-1-outbound",
            "network_security_group_name": "security-team-dev-dc-nsg",
            "priority": 150,
            "protocol": "Tcp",
            "resource_group_name": "security-team-qufi",
            "source_address_prefix": "*",
            "source_address_prefixes": null,
            "source_application_security_group_ids": null,
            "source_port_range": "*",
            "source_port_ranges": null,
            "timeouts": null
          },
          "sensitive_attributes": [],
          "private": "eyJlMmJmYjczMC1lY2FhLTExZTYtOGY4OC0zNDM2M2JjN2M0YzAiOnsiY3JlYXRlIjoxODAwMDAwMDAwMDAwLCJkZWxldGUiOjE4MDAwMDAwMDAwMDAsInJlYWQiOjMwMDAwMDAwMDAwMCwidXBkYXRlIjoxODAwMDAwMDAwMDAwfX0=",
          "dependencies": [
            "azurerm_network_security_group.active-directory-dc-nsg",
            "azurerm_resource_group.network-rg",
            "random_string.suffix"
          ]
        }
      ]
    },
    {
      "mode": "managed",
      "type": "azurerm_network_security_rule",
      "name": "tcp_139_dc_inbound",
      "provider": "provider[\"registry.terraform.io/hashicorp/azurerm\"]",
      "instances": [
        {
          "index_key": 0,
          "schema_version": 0,
          "attributes": {
            "access": "Allow",
            "description": "139-1-Inbound",
            "destination_address_prefix": "*",
            "destination_address_prefixes": null,
            "destination_application_security_group_ids": null,
            "destination_port_range": "139",
            "destination_port_ranges": null,
            "direction": "Inbound",
            "id": "/subscriptions/e9ee8090-9784-42d6-9534-bc1d881eeff6/resourceGroups/security-team-qufi/providers/Microsoft.Network/networkSecurityGroups/security-team-dev-dc-nsg/securityRules/139-1-Inbound",
            "name": "139-1-Inbound",
            "network_security_group_name": "security-team-dev-dc-nsg",
            "priority": 170,
            "protocol": "Udp",
            "resource_group_name": "security-team-qufi",
            "source_address_prefix": "10.127.1.11",
            "source_address_prefixes": null,
            "source_application_security_group_ids": null,
            "source_port_range": "*",
            "source_port_ranges": null,
            "timeouts": null
          },
          "sensitive_attributes": [],
          "private": "eyJlMmJmYjczMC1lY2FhLTExZTYtOGY4OC0zNDM2M2JjN2M0YzAiOnsiY3JlYXRlIjoxODAwMDAwMDAwMDAwLCJkZWxldGUiOjE4MDAwMDAwMDAwMDAsInJlYWQiOjMwMDAwMDAwMDAwMCwidXBkYXRlIjoxODAwMDAwMDAwMDAwfX0=",
          "dependencies": [
            "azurerm_network_security_group.active-directory-dc-nsg",
            "azurerm_resource_group.network-rg",
            "random_string.suffix"
          ]
        }
      ]
    },
    {
      "mode": "managed",
      "type": "azurerm_network_security_rule",
      "name": "tcp_139_dc_outbound",
      "provider": "provider[\"registry.terraform.io/hashicorp/azurerm\"]",
      "instances": [
        {
          "index_key": 0,
          "schema_version": 0,
          "attributes": {
            "access": "Allow",
            "description": "139-TCP-1-Outbound",
            "destination_address_prefix": "10.127.1.11",
            "destination_address_prefixes": null,
            "destination_application_security_group_ids": null,
            "destination_port_range": "139",
            "destination_port_ranges": null,
            "direction": "Outbound",
            "id": "/subscriptions/e9ee8090-9784-42d6-9534-bc1d881eeff6/resourceGroups/security-team-qufi/providers/Microsoft.Network/networkSecurityGroups/security-team-dev-dc-nsg/securityRules/139-TCP-1-Outbound",
            "name": "139-TCP-1-Outbound",
            "network_security_group_name": "security-team-dev-dc-nsg",
            "priority": 170,
            "protocol": "Udp",
            "resource_group_name": "security-team-qufi",
            "source_address_prefix": "*",
            "source_address_prefixes": null,
            "source_application_security_group_ids": null,
            "source_port_range": "*",
            "source_port_ranges": null,
            "timeouts": null
          },
          "sensitive_attributes": [],
          "private": "eyJlMmJmYjczMC1lY2FhLTExZTYtOGY4OC0zNDM2M2JjN2M0YzAiOnsiY3JlYXRlIjoxODAwMDAwMDAwMDAwLCJkZWxldGUiOjE4MDAwMDAwMDAwMDAsInJlYWQiOjMwMDAwMDAwMDAwMCwidXBkYXRlIjoxODAwMDAwMDAwMDAwfX0=",
          "dependencies": [
            "azurerm_network_security_group.active-directory-dc-nsg",
            "azurerm_resource_group.network-rg",
            "random_string.suffix"
          ]
        }
      ]
    },
    {
      "mode": "managed",
      "type": "azurerm_network_security_rule",
      "name": "tcp_3268-3269_dc_inbound",
      "provider": "provider[\"registry.terraform.io/hashicorp/azurerm\"]",
      "instances": [
        {
          "index_key": 0,
          "schema_version": 0,
          "attributes": {
            "access": "Allow",
            "description": "3268-3269-TCP-1-Inbound",
            "destination_address_prefix": "*",
            "destination_address_prefixes": null,
            "destination_application_security_group_ids": null,
            "destination_port_range": "3268-3269",
            "destination_port_ranges": null,
            "direction": "Inbound",
            "id": "/subscriptions/e9ee8090-9784-42d6-9534-bc1d881eeff6/resourceGroups/security-team-qufi/providers/Microsoft.Network/networkSecurityGroups/security-team-dev-dc-nsg/securityRules/3268-3269-TCP-1-Inbound",
            "name": "3268-3269-TCP-1-Inbound",
            "network_security_group_name": "security-team-dev-dc-nsg",
            "priority": 240,
            "protocol": "Tcp",
            "resource_group_name": "security-team-qufi",
            "source_address_prefix": "10.127.1.11",
            "source_address_prefixes": null,
            "source_application_security_group_ids": null,
            "source_port_range": "*",
            "source_port_ranges": null,
            "timeouts": null
          },
          "sensitive_attributes": [],
          "private": "eyJlMmJmYjczMC1lY2FhLTExZTYtOGY4OC0zNDM2M2JjN2M0YzAiOnsiY3JlYXRlIjoxODAwMDAwMDAwMDAwLCJkZWxldGUiOjE4MDAwMDAwMDAwMDAsInJlYWQiOjMwMDAwMDAwMDAwMCwidXBkYXRlIjoxODAwMDAwMDAwMDAwfX0=",
          "dependencies": [
            "azurerm_network_security_group.active-directory-dc-nsg",
            "azurerm_resource_group.network-rg",
            "random_string.suffix"
          ]
        }
      ]
    },
    {
      "mode": "managed",
      "type": "azurerm_network_security_rule",
      "name": "tcp_389_client_inbound",
      "provider": "provider[\"registry.terraform.io/hashicorp/azurerm\"]",
      "instances": [
        {
          "index_key": 0,
          "schema_version": 0,
          "attributes": {
            "access": "Allow",
            "description": "389-LDAP-1-Inbound",
            "destination_address_prefix": "*",
            "destination_address_prefixes": null,
            "destination_application_security_group_ids": null,
            "destination_port_range": "389",
            "destination_port_ranges": null,
            "direction": "Inbound",
            "id": "/subscriptions/e9ee8090-9784-42d6-9534-bc1d881eeff6/resourceGroups/security-team-qufi/providers/Microsoft.Network/networkSecurityGroups/security-team-dev-client-nsg/securityRules/389-LDAP-1-Inbound",
            "name": "389-LDAP-1-Inbound",
            "network_security_group_name": "security-team-dev-client-nsg",
            "priority": 180,
            "protocol": "Tcp",
            "resource_group_name": "security-team-qufi",
            "source_address_prefix": "10.127.1.12",
            "source_address_prefixes": null,
            "source_application_security_group_ids": null,
            "source_port_range": "*",
            "source_port_ranges": null,
            "timeouts": null
          },
          "sensitive_attributes": [],
          "private": "eyJlMmJmYjczMC1lY2FhLTExZTYtOGY4OC0zNDM2M2JjN2M0YzAiOnsiY3JlYXRlIjoxODAwMDAwMDAwMDAwLCJkZWxldGUiOjE4MDAwMDAwMDAwMDAsInJlYWQiOjMwMDAwMDAwMDAwMCwidXBkYXRlIjoxODAwMDAwMDAwMDAwfX0=",
          "dependencies": [
            "azurerm_network_security_group.active-directory-client-nsg",
            "azurerm_resource_group.network-rg",
            "random_string.suffix"
          ]
        }
      ]
    },
    {
      "mode": "managed",
      "type": "azurerm_network_security_rule",
      "name": "tcp_389_client_outbound",
      "provider": "provider[\"registry.terraform.io/hashicorp/azurerm\"]",
      "instances": [
        {
          "index_key": 0,
          "schema_version": 0,
          "attributes": {
            "access": "Allow",
            "description": "389-LDAP-1-outbound",
            "destination_address_prefix": "10.127.1.12",
            "destination_address_prefixes": null,
            "destination_application_security_group_ids": null,
            "destination_port_range": "389",
            "destination_port_ranges": null,
            "direction": "Outbound",
            "id": "/subscriptions/e9ee8090-9784-42d6-9534-bc1d881eeff6/resourceGroups/security-team-qufi/providers/Microsoft.Network/networkSecurityGroups/security-team-dev-client-nsg/securityRules/389-LDAP-1-outbound",
            "name": "389-LDAP-1-outbound",
            "network_security_group_name": "security-team-dev-client-nsg",
            "priority": 180,
            "protocol": "Tcp",
            "resource_group_name": "security-team-qufi",
            "source_address_prefix": "*",
            "source_address_prefixes": null,
            "source_application_security_group_ids": null,
            "source_port_range": "*",
            "source_port_ranges": null,
            "timeouts": null
          },
          "sensitive_attributes": [],
          "private": "eyJlMmJmYjczMC1lY2FhLTExZTYtOGY4OC0zNDM2M2JjN2M0YzAiOnsiY3JlYXRlIjoxODAwMDAwMDAwMDAwLCJkZWxldGUiOjE4MDAwMDAwMDAwMDAsInJlYWQiOjMwMDAwMDAwMDAwMCwidXBkYXRlIjoxODAwMDAwMDAwMDAwfX0=",
          "dependencies": [
            "azurerm_network_security_group.active-directory-client-nsg",
            "azurerm_resource_group.network-rg",
            "random_string.suffix"
          ]
        }
      ]
    },
    {
      "mode": "managed",
      "type": "azurerm_network_security_rule",
      "name": "tcp_389_dc_inbound",
      "provider": "provider[\"registry.terraform.io/hashicorp/azurerm\"]",
      "instances": [
        {
          "index_key": 0,
          "schema_version": 0,
          "attributes": {
            "access": "Allow",
            "description": "389-LDAP-1-Inbound",
            "destination_address_prefix": "*",
            "destination_address_prefixes": null,
            "destination_application_security_group_ids": null,
            "destination_port_range": "389",
            "destination_port_ranges": null,
            "direction": "Inbound",
            "id": "/subscriptions/e9ee8090-9784-42d6-9534-bc1d881eeff6/resourceGroups/security-team-qufi/providers/Microsoft.Network/networkSecurityGroups/security-team-dev-dc-nsg/securityRules/389-LDAP-1-Inbound",
            "name": "389-LDAP-1-Inbound",
            "network_security_group_name": "security-team-dev-dc-nsg",
            "priority": 180,
            "protocol": "Tcp",
            "resource_group_name": "security-team-qufi",
            "source_address_prefix": "10.127.1.11",
            "source_address_prefixes": null,
            "source_application_security_group_ids": null,
            "source_port_range": "*",
            "source_port_ranges": null,
            "timeouts": null
          },
          "sensitive_attributes": [],
          "private": "eyJlMmJmYjczMC1lY2FhLTExZTYtOGY4OC0zNDM2M2JjN2M0YzAiOnsiY3JlYXRlIjoxODAwMDAwMDAwMDAwLCJkZWxldGUiOjE4MDAwMDAwMDAwMDAsInJlYWQiOjMwMDAwMDAwMDAwMCwidXBkYXRlIjoxODAwMDAwMDAwMDAwfX0=",
          "dependencies": [
            "azurerm_network_security_group.active-directory-dc-nsg",
            "azurerm_resource_group.network-rg",
            "random_string.suffix"
          ]
        }
      ]
    },
    {
      "mode": "managed",
      "type": "azurerm_network_security_rule",
      "name": "tcp_389_dc_outbound",
      "provider": "provider[\"registry.terraform.io/hashicorp/azurerm\"]",
      "instances": [
        {
          "index_key": 0,
          "schema_version": 0,
          "attributes": {
            "access": "Allow",
            "description": "389-LDAP-1-outbound",
            "destination_address_prefix": "10.127.1.11",
            "destination_address_prefixes": null,
            "destination_application_security_group_ids": null,
            "destination_port_range": "389",
            "destination_port_ranges": null,
            "direction": "Outbound",
            "id": "/subscriptions/e9ee8090-9784-42d6-9534-bc1d881eeff6/resourceGroups/security-team-qufi/providers/Microsoft.Network/networkSecurityGroups/security-team-dev-dc-nsg/securityRules/389-LDAP-1-outbound",
            "name": "389-LDAP-1-outbound",
            "network_security_group_name": "security-team-dev-dc-nsg",
            "priority": 180,
            "protocol": "Tcp",
            "resource_group_name": "security-team-qufi",
            "source_address_prefix": "*",
            "source_address_prefixes": null,
            "source_application_security_group_ids": null,
            "source_port_range": "*",
            "source_port_ranges": null,
            "timeouts": null
          },
          "sensitive_attributes": [],
          "private": "eyJlMmJmYjczMC1lY2FhLTExZTYtOGY4OC0zNDM2M2JjN2M0YzAiOnsiY3JlYXRlIjoxODAwMDAwMDAwMDAwLCJkZWxldGUiOjE4MDAwMDAwMDAwMDAsInJlYWQiOjMwMDAwMDAwMDAwMCwidXBkYXRlIjoxODAwMDAwMDAwMDAwfX0=",
          "dependencies": [
            "azurerm_network_security_group.active-directory-dc-nsg",
            "azurerm_resource_group.network-rg",
            "random_string.suffix"
          ]
        }
      ]
    },
    {
      "mode": "managed",
      "type": "azurerm_network_security_rule",
      "name": "tcp_445_client_inbound",
      "provider": "provider[\"registry.terraform.io/hashicorp/azurerm\"]",
      "instances": [
        {
          "index_key": 0,
          "schema_version": 0,
          "attributes": {
            "access": "Allow",
            "description": "445-SMB-1-Inbound",
            "destination_address_prefix": "*",
            "destination_address_prefixes": null,
            "destination_application_security_group_ids": null,
            "destination_port_range": "445",
            "destination_port_ranges": null,
            "direction": "Inbound",
            "id": "/subscriptions/e9ee8090-9784-42d6-9534-bc1d881eeff6/resourceGroups/security-team-qufi/providers/Microsoft.Network/networkSecurityGroups/security-team-dev-client-nsg/securityRules/445-SMB-1-Inbound",
            "name": "445-SMB-1-Inbound",
            "network_security_group_name": "security-team-dev-client-nsg",
            "priority": 190,
            "protocol": "Tcp",
            "resource_group_name": "security-team-qufi",
            "source_address_prefix": "10.127.1.12",
            "source_address_prefixes": null,
            "source_application_security_group_ids": null,
            "source_port_range": "*",
            "source_port_ranges": null,
            "timeouts": null
          },
          "sensitive_attributes": [],
          "private": "eyJlMmJmYjczMC1lY2FhLTExZTYtOGY4OC0zNDM2M2JjN2M0YzAiOnsiY3JlYXRlIjoxODAwMDAwMDAwMDAwLCJkZWxldGUiOjE4MDAwMDAwMDAwMDAsInJlYWQiOjMwMDAwMDAwMDAwMCwidXBkYXRlIjoxODAwMDAwMDAwMDAwfX0=",
          "dependencies": [
            "azurerm_network_security_group.active-directory-client-nsg",
            "azurerm_resource_group.network-rg",
            "random_string.suffix"
          ]
        }
      ]
    },
    {
      "mode": "managed",
      "type": "azurerm_network_security_rule",
      "name": "tcp_445_client_outbound",
      "provider": "provider[\"registry.terraform.io/hashicorp/azurerm\"]",
      "instances": [
        {
          "index_key": 0,
          "schema_version": 0,
          "attributes": {
            "access": "Allow",
            "description": "445-SMB-1-outbound",
            "destination_address_prefix": "10.127.1.12",
            "destination_address_prefixes": null,
            "destination_application_security_group_ids": null,
            "destination_port_range": "445",
            "destination_port_ranges": null,
            "direction": "Outbound",
            "id": "/subscriptions/e9ee8090-9784-42d6-9534-bc1d881eeff6/resourceGroups/security-team-qufi/providers/Microsoft.Network/networkSecurityGroups/security-team-dev-client-nsg/securityRules/445-SMB-1-outbound",
            "name": "445-SMB-1-outbound",
            "network_security_group_name": "security-team-dev-client-nsg",
            "priority": 190,
            "protocol": "Tcp",
            "resource_group_name": "security-team-qufi",
            "source_address_prefix": "*",
            "source_address_prefixes": null,
            "source_application_security_group_ids": null,
            "source_port_range": "*",
            "source_port_ranges": null,
            "timeouts": null
          },
          "sensitive_attributes": [],
          "private": "eyJlMmJmYjczMC1lY2FhLTExZTYtOGY4OC0zNDM2M2JjN2M0YzAiOnsiY3JlYXRlIjoxODAwMDAwMDAwMDAwLCJkZWxldGUiOjE4MDAwMDAwMDAwMDAsInJlYWQiOjMwMDAwMDAwMDAwMCwidXBkYXRlIjoxODAwMDAwMDAwMDAwfX0=",
          "dependencies": [
            "azurerm_network_security_group.active-directory-client-nsg",
            "azurerm_resource_group.network-rg",
            "random_string.suffix"
          ]
        }
      ]
    },
    {
      "mode": "managed",
      "type": "azurerm_network_security_rule",
      "name": "tcp_445_dc_inbound",
      "provider": "provider[\"registry.terraform.io/hashicorp/azurerm\"]",
      "instances": [
        {
          "index_key": 0,
          "schema_version": 0,
          "attributes": {
            "access": "Allow",
            "description": "445-SMB-1-Inbound",
            "destination_address_prefix": "*",
            "destination_address_prefixes": null,
            "destination_application_security_group_ids": null,
            "destination_port_range": "445",
            "destination_port_ranges": null,
            "direction": "Inbound",
            "id": "/subscriptions/e9ee8090-9784-42d6-9534-bc1d881eeff6/resourceGroups/security-team-qufi/providers/Microsoft.Network/networkSecurityGroups/security-team-dev-dc-nsg/securityRules/445-SMB-1-Inbound",
            "name": "445-SMB-1-Inbound",
            "network_security_group_name": "security-team-dev-dc-nsg",
            "priority": 200,
            "protocol": "Tcp",
            "resource_group_name": "security-team-qufi",
            "source_address_prefix": "10.127.1.11",
            "source_address_prefixes": null,
            "source_application_security_group_ids": null,
            "source_port_range": "*",
            "source_port_ranges": null,
            "timeouts": null
          },
          "sensitive_attributes": [],
          "private": "eyJlMmJmYjczMC1lY2FhLTExZTYtOGY4OC0zNDM2M2JjN2M0YzAiOnsiY3JlYXRlIjoxODAwMDAwMDAwMDAwLCJkZWxldGUiOjE4MDAwMDAwMDAwMDAsInJlYWQiOjMwMDAwMDAwMDAwMCwidXBkYXRlIjoxODAwMDAwMDAwMDAwfX0=",
          "dependencies": [
            "azurerm_network_security_group.active-directory-dc-nsg",
            "azurerm_resource_group.network-rg",
            "random_string.suffix"
          ]
        }
      ]
    },
    {
      "mode": "managed",
      "type": "azurerm_network_security_rule",
      "name": "tcp_445_dc_outbound",
      "provider": "provider[\"registry.terraform.io/hashicorp/azurerm\"]",
      "instances": [
        {
          "index_key": 0,
          "schema_version": 0,
          "attributes": {
            "access": "Allow",
            "description": "445-SMB-1-outbound",
            "destination_address_prefix": "10.127.1.11",
            "destination_address_prefixes": null,
            "destination_application_security_group_ids": null,
            "destination_port_range": "445",
            "destination_port_ranges": null,
            "direction": "Outbound",
            "id": "/subscriptions/e9ee8090-9784-42d6-9534-bc1d881eeff6/resourceGroups/security-team-qufi/providers/Microsoft.Network/networkSecurityGroups/security-team-dev-dc-nsg/securityRules/445-SMB-1-outbound",
            "name": "445-SMB-1-outbound",
            "network_security_group_name": "security-team-dev-dc-nsg",
            "priority": 200,
            "protocol": "Tcp",
            "resource_group_name": "security-team-qufi",
            "source_address_prefix": "*",
            "source_address_prefixes": null,
            "source_application_security_group_ids": null,
            "source_port_range": "*",
            "source_port_ranges": null,
            "timeouts": null
          },
          "sensitive_attributes": [],
          "private": "eyJlMmJmYjczMC1lY2FhLTExZTYtOGY4OC0zNDM2M2JjN2M0YzAiOnsiY3JlYXRlIjoxODAwMDAwMDAwMDAwLCJkZWxldGUiOjE4MDAwMDAwMDAwMDAsInJlYWQiOjMwMDAwMDAwMDAwMCwidXBkYXRlIjoxODAwMDAwMDAwMDAwfX0=",
          "dependencies": [
            "azurerm_network_security_group.active-directory-dc-nsg",
            "azurerm_resource_group.network-rg",
            "random_string.suffix"
          ]
        }
      ]
    },
    {
      "mode": "managed",
      "type": "azurerm_network_security_rule",
      "name": "tcp_464_dc_inbound",
      "provider": "provider[\"registry.terraform.io/hashicorp/azurerm\"]",
      "instances": [
        {
          "index_key": 0,
          "schema_version": 0,
          "attributes": {
            "access": "Allow",
            "description": "464-Kerb-tcp-1-Inbound",
            "destination_address_prefix": "*",
            "destination_address_prefixes": null,
            "destination_application_security_group_ids": null,
            "destination_port_range": "464",
            "destination_port_ranges": null,
            "direction": "Inbound",
            "id": "/subscriptions/e9ee8090-9784-42d6-9534-bc1d881eeff6/resourceGroups/security-team-qufi/providers/Microsoft.Network/networkSecurityGroups/security-team-dev-dc-nsg/securityRules/464-Kerb-tcp-1-Inbound",
            "name": "464-Kerb-tcp-1-Inbound",
            "network_security_group_name": "security-team-dev-dc-nsg",
            "priority": 210,
            "protocol": "Tcp",
            "resource_group_name": "security-team-qufi",
            "source_address_prefix": "10.127.1.11",
            "source_address_prefixes": null,
            "source_application_security_group_ids": null,
            "source_port_range": "*",
            "source_port_ranges": null,
            "timeouts": null
          },
          "sensitive_attributes": [],
          "private": "eyJlMmJmYjczMC1lY2FhLTExZTYtOGY4OC0zNDM2M2JjN2M0YzAiOnsiY3JlYXRlIjoxODAwMDAwMDAwMDAwLCJkZWxldGUiOjE4MDAwMDAwMDAwMDAsInJlYWQiOjMwMDAwMDAwMDAwMCwidXBkYXRlIjoxODAwMDAwMDAwMDAwfX0=",
          "dependencies": [
            "azurerm_network_security_group.active-directory-dc-nsg",
            "azurerm_resource_group.network-rg",
            "random_string.suffix"
          ]
        }
      ]
    },
    {
      "mode": "managed",
      "type": "azurerm_network_security_rule",
      "name": "tcp_464_dc_outbound",
      "provider": "provider[\"registry.terraform.io/hashicorp/azurerm\"]",
      "instances": [
        {
          "index_key": 0,
          "schema_version": 0,
          "attributes": {
            "access": "Allow",
            "description": "464-TCP-1-Outbound",
            "destination_address_prefix": "10.127.1.11",
            "destination_address_prefixes": null,
            "destination_application_security_group_ids": null,
            "destination_port_range": "464",
            "destination_port_ranges": null,
            "direction": "Outbound",
            "id": "/subscriptions/e9ee8090-9784-42d6-9534-bc1d881eeff6/resourceGroups/security-team-qufi/providers/Microsoft.Network/networkSecurityGroups/security-team-dev-dc-nsg/securityRules/464-TCP-1-Outbound",
            "name": "464-TCP-1-Outbound",
            "network_security_group_name": "security-team-dev-dc-nsg",
            "priority": 210,
            "protocol": "Tcp",
            "resource_group_name": "security-team-qufi",
            "source_address_prefix": "*",
            "source_address_prefixes": null,
            "source_application_security_group_ids": null,
            "source_port_range": "*",
            "source_port_ranges": null,
            "timeouts": null
          },
          "sensitive_attributes": [],
          "private": "eyJlMmJmYjczMC1lY2FhLTExZTYtOGY4OC0zNDM2M2JjN2M0YzAiOnsiY3JlYXRlIjoxODAwMDAwMDAwMDAwLCJkZWxldGUiOjE4MDAwMDAwMDAwMDAsInJlYWQiOjMwMDAwMDAwMDAwMCwidXBkYXRlIjoxODAwMDAwMDAwMDAwfX0=",
          "dependencies": [
            "azurerm_network_security_group.active-directory-dc-nsg",
            "azurerm_resource_group.network-rg",
            "random_string.suffix"
          ]
        }
      ]
    },
    {
      "mode": "managed",
      "type": "azurerm_network_security_rule",
      "name": "tcp_49152-65535_client_inbound",
      "provider": "provider[\"registry.terraform.io/hashicorp/azurerm\"]",
      "instances": [
        {
          "index_key": 0,
          "schema_version": 0,
          "attributes": {
            "access": "Allow",
            "description": "49152-655351-Inbound",
            "destination_address_prefix": "*",
            "destination_address_prefixes": null,
            "destination_application_security_group_ids": null,
            "destination_port_range": "49152-65535",
            "destination_port_ranges": null,
            "direction": "Inbound",
            "id": "/subscriptions/e9ee8090-9784-42d6-9534-bc1d881eeff6/resourceGroups/security-team-qufi/providers/Microsoft.Network/networkSecurityGroups/security-team-dev-client-nsg/securityRules/49152-655351-Inbound",
            "name": "49152-655351-Inbound",
            "network_security_group_name": "security-team-dev-client-nsg",
            "priority": 200,
            "protocol": "Tcp",
            "resource_group_name": "security-team-qufi",
            "source_address_prefix": "10.127.1.12",
            "source_address_prefixes": null,
            "source_application_security_group_ids": null,
            "source_port_range": "*",
            "source_port_ranges": null,
            "timeouts": null
          },
          "sensitive_attributes": [],
          "private": "eyJlMmJmYjczMC1lY2FhLTExZTYtOGY4OC0zNDM2M2JjN2M0YzAiOnsiY3JlYXRlIjoxODAwMDAwMDAwMDAwLCJkZWxldGUiOjE4MDAwMDAwMDAwMDAsInJlYWQiOjMwMDAwMDAwMDAwMCwidXBkYXRlIjoxODAwMDAwMDAwMDAwfX0=",
          "dependencies": [
            "azurerm_network_security_group.active-directory-client-nsg",
            "azurerm_resource_group.network-rg",
            "random_string.suffix"
          ]
        }
      ]
    },
    {
      "mode": "managed",
      "type": "azurerm_network_security_rule",
      "name": "tcp_49152-65535_client_outbound",
      "provider": "provider[\"registry.terraform.io/hashicorp/azurerm\"]",
      "instances": [
        {
          "index_key": 0,
          "schema_version": 0,
          "attributes": {
            "access": "Allow",
            "description": "49152-655351-outbound",
            "destination_address_prefix": "10.127.1.12",
            "destination_address_prefixes": null,
            "destination_application_security_group_ids": null,
            "destination_port_range": "49152-65535",
            "destination_port_ranges": null,
            "direction": "Outbound",
            "id": "/subscriptions/e9ee8090-9784-42d6-9534-bc1d881eeff6/resourceGroups/security-team-qufi/providers/Microsoft.Network/networkSecurityGroups/security-team-dev-client-nsg/securityRules/49152-655351-outbound",
            "name": "49152-655351-outbound",
            "network_security_group_name": "security-team-dev-client-nsg",
            "priority": 200,
            "protocol": "Tcp",
            "resource_group_name": "security-team-qufi",
            "source_address_prefix": "*",
            "source_address_prefixes": null,
            "source_application_security_group_ids": null,
            "source_port_range": "*",
            "source_port_ranges": null,
            "timeouts": null
          },
          "sensitive_attributes": [],
          "private": "eyJlMmJmYjczMC1lY2FhLTExZTYtOGY4OC0zNDM2M2JjN2M0YzAiOnsiY3JlYXRlIjoxODAwMDAwMDAwMDAwLCJkZWxldGUiOjE4MDAwMDAwMDAwMDAsInJlYWQiOjMwMDAwMDAwMDAwMCwidXBkYXRlIjoxODAwMDAwMDAwMDAwfX0=",
          "dependencies": [
            "azurerm_network_security_group.active-directory-client-nsg",
            "azurerm_resource_group.network-rg",
            "random_string.suffix"
          ]
        }
      ]
    },
    {
      "mode": "managed",
      "type": "azurerm_network_security_rule",
      "name": "tcp_49152-65535_dc_inbound",
      "provider": "provider[\"registry.terraform.io/hashicorp/azurerm\"]",
      "instances": [
        {
          "index_key": 0,
          "schema_version": 0,
          "attributes": {
            "access": "Allow",
            "description": "49152-655351-Inbound",
            "destination_address_prefix": "*",
            "destination_address_prefixes": null,
            "destination_application_security_group_ids": null,
            "destination_port_range": "49152-65535",
            "destination_port_ranges": null,
            "direction": "Inbound",
            "id": "/subscriptions/e9ee8090-9784-42d6-9534-bc1d881eeff6/resourceGroups/security-team-qufi/providers/Microsoft.Network/networkSecurityGroups/security-team-dev-dc-nsg/securityRules/49152-655351-Inbound",
            "name": "49152-655351-Inbound",
            "network_security_group_name": "security-team-dev-dc-nsg",
            "priority": 250,
            "protocol": "Tcp",
            "resource_group_name": "security-team-qufi",
            "source_address_prefix": "10.127.1.11",
            "source_address_prefixes": null,
            "source_application_security_group_ids": null,
            "source_port_range": "*",
            "source_port_ranges": null,
            "timeouts": null
          },
          "sensitive_attributes": [],
          "private": "eyJlMmJmYjczMC1lY2FhLTExZTYtOGY4OC0zNDM2M2JjN2M0YzAiOnsiY3JlYXRlIjoxODAwMDAwMDAwMDAwLCJkZWxldGUiOjE4MDAwMDAwMDAwMDAsInJlYWQiOjMwMDAwMDAwMDAwMCwidXBkYXRlIjoxODAwMDAwMDAwMDAwfX0=",
          "dependencies": [
            "azurerm_network_security_group.active-directory-dc-nsg",
            "azurerm_resource_group.network-rg",
            "random_string.suffix"
          ]
        }
      ]
    },
    {
      "mode": "managed",
      "type": "azurerm_network_security_rule",
      "name": "tcp_53_dc_inbound",
      "provider": "provider[\"registry.terraform.io/hashicorp/azurerm\"]",
      "instances": [
        {
          "index_key": 0,
          "schema_version": 0,
          "attributes": {
            "access": "Allow",
            "description": "53-DNS-tcp-1-Inbound",
            "destination_address_prefix": "*",
            "destination_address_prefixes": null,
            "destination_application_security_group_ids": null,
            "destination_port_range": "53",
            "destination_port_ranges": null,
            "direction": "Inbound",
            "id": "/subscriptions/e9ee8090-9784-42d6-9534-bc1d881eeff6/resourceGroups/security-team-qufi/providers/Microsoft.Network/networkSecurityGroups/security-team-dev-dc-nsg/securityRules/53-DNS-tcp-1-Inbound",
            "name": "53-DNS-tcp-1-Inbound",
            "network_security_group_name": "security-team-dev-dc-nsg",
            "priority": 100,
            "protocol": "Tcp",
            "resource_group_name": "security-team-qufi",
            "source_address_prefix": "10.127.1.11",
            "source_address_prefixes": null,
            "source_application_security_group_ids": null,
            "source_port_range": "*",
            "source_port_ranges": null,
            "timeouts": null
          },
          "sensitive_attributes": [],
          "private": "eyJlMmJmYjczMC1lY2FhLTExZTYtOGY4OC0zNDM2M2JjN2M0YzAiOnsiY3JlYXRlIjoxODAwMDAwMDAwMDAwLCJkZWxldGUiOjE4MDAwMDAwMDAwMDAsInJlYWQiOjMwMDAwMDAwMDAwMCwidXBkYXRlIjoxODAwMDAwMDAwMDAwfX0=",
          "dependencies": [
            "azurerm_network_security_group.active-directory-dc-nsg",
            "azurerm_resource_group.network-rg",
            "random_string.suffix"
          ]
        }
      ]
    },
    {
      "mode": "managed",
      "type": "azurerm_network_security_rule",
      "name": "tcp_53_dc_outbound",
      "provider": "provider[\"registry.terraform.io/hashicorp/azurerm\"]",
      "instances": [
        {
          "index_key": 0,
          "schema_version": 0,
          "attributes": {
            "access": "Allow",
            "description": "53-TCP-1-Outbound",
            "destination_address_prefix": "10.127.1.11",
            "destination_address_prefixes": null,
            "destination_application_security_group_ids": null,
            "destination_port_range": "53",
            "destination_port_ranges": null,
            "direction": "Outbound",
            "id": "/subscriptions/e9ee8090-9784-42d6-9534-bc1d881eeff6/resourceGroups/security-team-qufi/providers/Microsoft.Network/networkSecurityGroups/security-team-dev-dc-nsg/securityRules/53-TCP-1-Outbound",
            "name": "53-TCP-1-Outbound",
            "network_security_group_name": "security-team-dev-dc-nsg",
            "priority": 100,
            "protocol": "Tcp",
            "resource_group_name": "security-team-qufi",
            "source_address_prefix": "*",
            "source_address_prefixes": null,
            "source_application_security_group_ids": null,
            "source_port_range": "*",
            "source_port_ranges": null,
            "timeouts": null
          },
          "sensitive_attributes": [],
          "private": "eyJlMmJmYjczMC1lY2FhLTExZTYtOGY4OC0zNDM2M2JjN2M0YzAiOnsiY3JlYXRlIjoxODAwMDAwMDAwMDAwLCJkZWxldGUiOjE4MDAwMDAwMDAwMDAsInJlYWQiOjMwMDAwMDAwMDAwMCwidXBkYXRlIjoxODAwMDAwMDAwMDAwfX0=",
          "dependencies": [
            "azurerm_network_security_group.active-directory-dc-nsg",
            "azurerm_resource_group.network-rg",
            "random_string.suffix"
          ]
        }
      ]
    },
    {
      "mode": "managed",
      "type": "azurerm_network_security_rule",
      "name": "tcp_636_dc_inbound",
      "provider": "provider[\"registry.terraform.io/hashicorp/azurerm\"]",
      "instances": [
        {
          "index_key": 0,
          "schema_version": 0,
          "attributes": {
            "access": "Allow",
            "description": "636-tcp-1-Inbound",
            "destination_address_prefix": "*",
            "destination_address_prefixes": null,
            "destination_application_security_group_ids": null,
            "destination_port_range": "636",
            "destination_port_ranges": null,
            "direction": "Inbound",
            "id": "/subscriptions/e9ee8090-9784-42d6-9534-bc1d881eeff6/resourceGroups/security-team-qufi/providers/Microsoft.Network/networkSecurityGroups/security-team-dev-dc-nsg/securityRules/636-tcp-1-Inbound",
            "name": "636-tcp-1-Inbound",
            "network_security_group_name": "security-team-dev-dc-nsg",
            "priority": 230,
            "protocol": "Tcp",
            "resource_group_name": "security-team-qufi",
            "source_address_prefix": "10.127.1.11",
            "source_address_prefixes": null,
            "source_application_security_group_ids": null,
            "source_port_range": "*",
            "source_port_ranges": null,
            "timeouts": null
          },
          "sensitive_attributes": [],
          "private": "eyJlMmJmYjczMC1lY2FhLTExZTYtOGY4OC0zNDM2M2JjN2M0YzAiOnsiY3JlYXRlIjoxODAwMDAwMDAwMDAwLCJkZWxldGUiOjE4MDAwMDAwMDAwMDAsInJlYWQiOjMwMDAwMDAwMDAwMCwidXBkYXRlIjoxODAwMDAwMDAwMDAwfX0=",
          "dependencies": [
            "azurerm_network_security_group.active-directory-dc-nsg",
            "azurerm_resource_group.network-rg",
            "random_string.suffix"
          ]
        }
      ]
    },
    {
      "mode": "managed",
      "type": "azurerm_network_security_rule",
      "name": "tcp_636_dc_outbound",
      "provider": "provider[\"registry.terraform.io/hashicorp/azurerm\"]",
      "instances": [
        {
          "index_key": 0,
          "schema_version": 0,
          "attributes": {
            "access": "Allow",
            "description": "636-TCP-1-Outbound",
            "destination_address_prefix": "10.127.1.11",
            "destination_address_prefixes": null,
            "destination_application_security_group_ids": null,
            "destination_port_range": "636",
            "destination_port_ranges": null,
            "direction": "Outbound",
            "id": "/subscriptions/e9ee8090-9784-42d6-9534-bc1d881eeff6/resourceGroups/security-team-qufi/providers/Microsoft.Network/networkSecurityGroups/security-team-dev-dc-nsg/securityRules/636-TCP-1-Outbound",
            "name": "636-TCP-1-Outbound",
            "network_security_group_name": "security-team-dev-dc-nsg",
            "priority": 230,
            "protocol": "Tcp",
            "resource_group_name": "security-team-qufi",
            "source_address_prefix": "*",
            "source_address_prefixes": null,
            "source_application_security_group_ids": null,
            "source_port_range": "*",
            "source_port_ranges": null,
            "timeouts": null
          },
          "sensitive_attributes": [],
          "private": "eyJlMmJmYjczMC1lY2FhLTExZTYtOGY4OC0zNDM2M2JjN2M0YzAiOnsiY3JlYXRlIjoxODAwMDAwMDAwMDAwLCJkZWxldGUiOjE4MDAwMDAwMDAwMDAsInJlYWQiOjMwMDAwMDAwMDAwMCwidXBkYXRlIjoxODAwMDAwMDAwMDAwfX0=",
          "dependencies": [
            "azurerm_network_security_group.active-directory-dc-nsg",
            "azurerm_resource_group.network-rg",
            "random_string.suffix"
          ]
        }
      ]
    },
    {
      "mode": "managed",
      "type": "azurerm_network_security_rule",
      "name": "tcp_88_client_inbound",
      "provider": "provider[\"registry.terraform.io/hashicorp/azurerm\"]",
      "instances": [
        {
          "index_key": 0,
          "schema_version": 0,
          "attributes": {
            "access": "Allow",
            "description": "88-Kerb-1-Inbound",
            "destination_address_prefix": "*",
            "destination_address_prefixes": null,
            "destination_application_security_group_ids": null,
            "destination_port_range": "88",
            "destination_port_ranges": null,
            "direction": "Inbound",
            "id": "/subscriptions/e9ee8090-9784-42d6-9534-bc1d881eeff6/resourceGroups/security-team-qufi/providers/Microsoft.Network/networkSecurityGroups/security-team-dev-client-nsg/securityRules/88-Kerb-1-Inbound",
            "name": "88-Kerb-1-Inbound",
            "network_security_group_name": "security-team-dev-client-nsg",
            "priority": 160,
            "protocol": "Tcp",
            "resource_group_name": "security-team-qufi",
            "source_address_prefix": "10.127.1.12",
            "source_address_prefixes": null,
            "source_application_security_group_ids": null,
            "source_port_range": "*",
            "source_port_ranges": null,
            "timeouts": null
          },
          "sensitive_attributes": [],
          "private": "eyJlMmJmYjczMC1lY2FhLTExZTYtOGY4OC0zNDM2M2JjN2M0YzAiOnsiY3JlYXRlIjoxODAwMDAwMDAwMDAwLCJkZWxldGUiOjE4MDAwMDAwMDAwMDAsInJlYWQiOjMwMDAwMDAwMDAwMCwidXBkYXRlIjoxODAwMDAwMDAwMDAwfX0=",
          "dependencies": [
            "azurerm_network_security_group.active-directory-client-nsg",
            "azurerm_resource_group.network-rg",
            "random_string.suffix"
          ]
        }
      ]
    },
    {
      "mode": "managed",
      "type": "azurerm_network_security_rule",
      "name": "tcp_88_client_outbound",
      "provider": "provider[\"registry.terraform.io/hashicorp/azurerm\"]",
      "instances": [
        {
          "index_key": 0,
          "schema_version": 0,
          "attributes": {
            "access": "Allow",
            "description": "88-Kerb-1-outbound",
            "destination_address_prefix": "10.127.1.12",
            "destination_address_prefixes": null,
            "destination_application_security_group_ids": null,
            "destination_port_range": "88",
            "destination_port_ranges": null,
            "direction": "Outbound",
            "id": "/subscriptions/e9ee8090-9784-42d6-9534-bc1d881eeff6/resourceGroups/security-team-qufi/providers/Microsoft.Network/networkSecurityGroups/security-team-dev-client-nsg/securityRules/88-Kerb-1-outbound",
            "name": "88-Kerb-1-outbound",
            "network_security_group_name": "security-team-dev-client-nsg",
            "priority": 160,
            "protocol": "Tcp",
            "resource_group_name": "security-team-qufi",
            "source_address_prefix": "*",
            "source_address_prefixes": null,
            "source_application_security_group_ids": null,
            "source_port_range": "*",
            "source_port_ranges": null,
            "timeouts": null
          },
          "sensitive_attributes": [],
          "private": "eyJlMmJmYjczMC1lY2FhLTExZTYtOGY4OC0zNDM2M2JjN2M0YzAiOnsiY3JlYXRlIjoxODAwMDAwMDAwMDAwLCJkZWxldGUiOjE4MDAwMDAwMDAwMDAsInJlYWQiOjMwMDAwMDAwMDAwMCwidXBkYXRlIjoxODAwMDAwMDAwMDAwfX0=",
          "dependencies": [
            "azurerm_network_security_group.active-directory-client-nsg",
            "azurerm_resource_group.network-rg",
            "random_string.suffix"
          ]
        }
      ]
    },
    {
      "mode": "managed",
      "type": "azurerm_network_security_rule",
      "name": "tcp_88_dc_inbound",
      "provider": "provider[\"registry.terraform.io/hashicorp/azurerm\"]",
      "instances": [
        {
          "index_key": 0,
          "schema_version": 0,
          "attributes": {
            "access": "Allow",
            "description": "88-Kerb-1-Inbound",
            "destination_address_prefix": "*",
            "destination_address_prefixes": null,
            "destination_application_security_group_ids": null,
            "destination_port_range": "88",
            "destination_port_ranges": null,
            "direction": "Inbound",
            "id": "/subscriptions/e9ee8090-9784-42d6-9534-bc1d881eeff6/resourceGroups/security-team-qufi/providers/Microsoft.Network/networkSecurityGroups/security-team-dev-dc-nsg/securityRules/88-Kerb-1-Inbound",
            "name": "88-Kerb-1-Inbound",
            "network_security_group_name": "security-team-dev-dc-nsg",
            "priority": 120,
            "protocol": "Tcp",
            "resource_group_name": "security-team-qufi",
            "source_address_prefix": "10.127.1.11",
            "source_address_prefixes": null,
            "source_application_security_group_ids": null,
            "source_port_range": "*",
            "source_port_ranges": null,
            "timeouts": null
          },
          "sensitive_attributes": [],
          "private": "eyJlMmJmYjczMC1lY2FhLTExZTYtOGY4OC0zNDM2M2JjN2M0YzAiOnsiY3JlYXRlIjoxODAwMDAwMDAwMDAwLCJkZWxldGUiOjE4MDAwMDAwMDAwMDAsInJlYWQiOjMwMDAwMDAwMDAwMCwidXBkYXRlIjoxODAwMDAwMDAwMDAwfX0=",
          "dependencies": [
            "azurerm_network_security_group.active-directory-dc-nsg",
            "azurerm_resource_group.network-rg",
            "random_string.suffix"
          ]
        }
      ]
    },
    {
      "mode": "managed",
      "type": "azurerm_network_security_rule",
      "name": "tcp_88_dc_outbound",
      "provider": "provider[\"registry.terraform.io/hashicorp/azurerm\"]",
      "instances": [
        {
          "index_key": 0,
          "schema_version": 0,
          "attributes": {
            "access": "Allow",
            "description": "88-Kerb-1-outbound",
            "destination_address_prefix": "10.127.1.11",
            "destination_address_prefixes": null,
            "destination_application_security_group_ids": null,
            "destination_port_range": "88",
            "destination_port_ranges": null,
            "direction": "Outbound",
            "id": "/subscriptions/e9ee8090-9784-42d6-9534-bc1d881eeff6/resourceGroups/security-team-qufi/providers/Microsoft.Network/networkSecurityGroups/security-team-dev-dc-nsg/securityRules/88-Kerb-1-outbound",
            "name": "88-Kerb-1-outbound",
            "network_security_group_name": "security-team-dev-dc-nsg",
            "priority": 120,
            "protocol": "Tcp",
            "resource_group_name": "security-team-qufi",
            "source_address_prefix": "*",
            "source_address_prefixes": null,
            "source_application_security_group_ids": null,
            "source_port_range": "*",
            "source_port_ranges": null,
            "timeouts": null
          },
          "sensitive_attributes": [],
          "private": "eyJlMmJmYjczMC1lY2FhLTExZTYtOGY4OC0zNDM2M2JjN2M0YzAiOnsiY3JlYXRlIjoxODAwMDAwMDAwMDAwLCJkZWxldGUiOjE4MDAwMDAwMDAwMDAsInJlYWQiOjMwMDAwMDAwMDAwMCwidXBkYXRlIjoxODAwMDAwMDAwMDAwfX0=",
          "dependencies": [
            "azurerm_network_security_group.active-directory-dc-nsg",
            "azurerm_resource_group.network-rg",
            "random_string.suffix"
          ]
        }
      ]
    },
    {
      "mode": "managed",
      "type": "azurerm_network_security_rule",
      "name": "udp_123_dc_inbound",
      "provider": "provider[\"registry.terraform.io/hashicorp/azurerm\"]",
      "instances": [
        {
          "index_key": 0,
          "schema_version": 0,
          "attributes": {
            "access": "Allow",
            "description": "123-1-Inbound",
            "destination_address_prefix": "*",
            "destination_address_prefixes": null,
            "destination_application_security_group_ids": null,
            "destination_port_range": "123",
            "destination_port_ranges": null,
            "direction": "Inbound",
            "id": "/subscriptions/e9ee8090-9784-42d6-9534-bc1d881eeff6/resourceGroups/security-team-qufi/providers/Microsoft.Network/networkSecurityGroups/security-team-dev-dc-nsg/securityRules/123-1-Inbound",
            "name": "123-1-Inbound",
            "network_security_group_name": "security-team-dev-dc-nsg",
            "priority": 140,
            "protocol": "Udp",
            "resource_group_name": "security-team-qufi",
            "source_address_prefix": "10.127.1.11",
            "source_address_prefixes": null,
            "source_application_security_group_ids": null,
            "source_port_range": "*",
            "source_port_ranges": null,
            "timeouts": null
          },
          "sensitive_attributes": [],
          "private": "eyJlMmJmYjczMC1lY2FhLTExZTYtOGY4OC0zNDM2M2JjN2M0YzAiOnsiY3JlYXRlIjoxODAwMDAwMDAwMDAwLCJkZWxldGUiOjE4MDAwMDAwMDAwMDAsInJlYWQiOjMwMDAwMDAwMDAwMCwidXBkYXRlIjoxODAwMDAwMDAwMDAwfX0=",
          "dependencies": [
            "azurerm_network_security_group.active-directory-dc-nsg",
            "azurerm_resource_group.network-rg",
            "random_string.suffix"
          ]
        }
      ]
    },
    {
      "mode": "managed",
      "type": "azurerm_network_security_rule",
      "name": "udp_123_dc_outbound",
      "provider": "provider[\"registry.terraform.io/hashicorp/azurerm\"]",
      "instances": [
        {
          "index_key": 0,
          "schema_version": 0,
          "attributes": {
            "access": "Allow",
            "description": "123-UDP-1-Outbound",
            "destination_address_prefix": "10.127.1.11",
            "destination_address_prefixes": null,
            "destination_application_security_group_ids": null,
            "destination_port_range": "123",
            "destination_port_ranges": null,
            "direction": "Outbound",
            "id": "/subscriptions/e9ee8090-9784-42d6-9534-bc1d881eeff6/resourceGroups/security-team-qufi/providers/Microsoft.Network/networkSecurityGroups/security-team-dev-dc-nsg/securityRules/123-UDP-1-Outbound",
            "name": "123-UDP-1-Outbound",
            "network_security_group_name": "security-team-dev-dc-nsg",
            "priority": 140,
            "protocol": "Udp",
            "resource_group_name": "security-team-qufi",
            "source_address_prefix": "*",
            "source_address_prefixes": null,
            "source_application_security_group_ids": null,
            "source_port_range": "*",
            "source_port_ranges": null,
            "timeouts": null
          },
          "sensitive_attributes": [],
          "private": "eyJlMmJmYjczMC1lY2FhLTExZTYtOGY4OC0zNDM2M2JjN2M0YzAiOnsiY3JlYXRlIjoxODAwMDAwMDAwMDAwLCJkZWxldGUiOjE4MDAwMDAwMDAwMDAsInJlYWQiOjMwMDAwMDAwMDAwMCwidXBkYXRlIjoxODAwMDAwMDAwMDAwfX0=",
          "dependencies": [
            "azurerm_network_security_group.active-directory-dc-nsg",
            "azurerm_resource_group.network-rg",
            "random_string.suffix"
          ]
        }
      ]
    },
    {
      "mode": "managed",
      "type": "azurerm_network_security_rule",
      "name": "udp_137-138_dc_inbound",
      "provider": "provider[\"registry.terraform.io/hashicorp/azurerm\"]",
      "instances": [
        {
          "index_key": 0,
          "schema_version": 0,
          "attributes": {
            "access": "Allow",
            "description": "137-138-1-Inbound",
            "destination_address_prefix": "*",
            "destination_address_prefixes": null,
            "destination_application_security_group_ids": null,
            "destination_port_range": "137-138",
            "destination_port_ranges": null,
            "direction": "Inbound",
            "id": "/subscriptions/e9ee8090-9784-42d6-9534-bc1d881eeff6/resourceGroups/security-team-qufi/providers/Microsoft.Network/networkSecurityGroups/security-team-dev-dc-nsg/securityRules/137-138-1-Inbound",
            "name": "137-138-1-Inbound",
            "network_security_group_name": "security-team-dev-dc-nsg",
            "priority": 160,
            "protocol": "Udp",
            "resource_group_name": "security-team-qufi",
            "source_address_prefix": "10.127.1.11",
            "source_address_prefixes": null,
            "source_application_security_group_ids": null,
            "source_port_range": "*",
            "source_port_ranges": null,
            "timeouts": null
          },
          "sensitive_attributes": [],
          "private": "eyJlMmJmYjczMC1lY2FhLTExZTYtOGY4OC0zNDM2M2JjN2M0YzAiOnsiY3JlYXRlIjoxODAwMDAwMDAwMDAwLCJkZWxldGUiOjE4MDAwMDAwMDAwMDAsInJlYWQiOjMwMDAwMDAwMDAwMCwidXBkYXRlIjoxODAwMDAwMDAwMDAwfX0=",
          "dependencies": [
            "azurerm_network_security_group.active-directory-dc-nsg",
            "azurerm_resource_group.network-rg",
            "random_string.suffix"
          ]
        }
      ]
    },
    {
      "mode": "managed",
      "type": "azurerm_network_security_rule",
      "name": "udp_137-138_dc_outbound",
      "provider": "provider[\"registry.terraform.io/hashicorp/azurerm\"]",
      "instances": [
        {
          "index_key": 0,
          "schema_version": 0,
          "attributes": {
            "access": "Allow",
            "description": "137-138-UDP-1-Outbound",
            "destination_address_prefix": "10.127.1.11",
            "destination_address_prefixes": null,
            "destination_application_security_group_ids": null,
            "destination_port_range": "137-138",
            "destination_port_ranges": null,
            "direction": "Outbound",
            "id": "/subscriptions/e9ee8090-9784-42d6-9534-bc1d881eeff6/resourceGroups/security-team-qufi/providers/Microsoft.Network/networkSecurityGroups/security-team-dev-dc-nsg/securityRules/137-138-UDP-1-Outbound",
            "name": "137-138-UDP-1-Outbound",
            "network_security_group_name": "security-team-dev-dc-nsg",
            "priority": 160,
            "protocol": "Udp",
            "resource_group_name": "security-team-qufi",
            "source_address_prefix": "*",
            "source_address_prefixes": null,
            "source_application_security_group_ids": null,
            "source_port_range": "*",
            "source_port_ranges": null,
            "timeouts": null
          },
          "sensitive_attributes": [],
          "private": "eyJlMmJmYjczMC1lY2FhLTExZTYtOGY4OC0zNDM2M2JjN2M0YzAiOnsiY3JlYXRlIjoxODAwMDAwMDAwMDAwLCJkZWxldGUiOjE4MDAwMDAwMDAwMDAsInJlYWQiOjMwMDAwMDAwMDAwMCwidXBkYXRlIjoxODAwMDAwMDAwMDAwfX0=",
          "dependencies": [
            "azurerm_network_security_group.active-directory-dc-nsg",
            "azurerm_resource_group.network-rg",
            "random_string.suffix"
          ]
        }
      ]
    },
    {
      "mode": "managed",
      "type": "azurerm_network_security_rule",
      "name": "udp_389_dc_inbound",
      "provider": "provider[\"registry.terraform.io/hashicorp/azurerm\"]",
      "instances": [
        {
          "index_key": 0,
          "schema_version": 0,
          "attributes": {
            "access": "Allow",
            "description": "389-udp-1-Inbound",
            "destination_address_prefix": "*",
            "destination_address_prefixes": null,
            "destination_application_security_group_ids": null,
            "destination_port_range": "389",
            "destination_port_ranges": null,
            "direction": "Inbound",
            "id": "/subscriptions/e9ee8090-9784-42d6-9534-bc1d881eeff6/resourceGroups/security-team-qufi/providers/Microsoft.Network/networkSecurityGroups/security-team-dev-dc-nsg/securityRules/389-udp-1-Inbound",
            "name": "389-udp-1-Inbound",
            "network_security_group_name": "security-team-dev-dc-nsg",
            "priority": 190,
            "protocol": "Udp",
            "resource_group_name": "security-team-qufi",
            "source_address_prefix": "10.127.1.11",
            "source_address_prefixes": null,
            "source_application_security_group_ids": null,
            "source_port_range": "*",
            "source_port_ranges": null,
            "timeouts": null
          },
          "sensitive_attributes": [],
          "private": "eyJlMmJmYjczMC1lY2FhLTExZTYtOGY4OC0zNDM2M2JjN2M0YzAiOnsiY3JlYXRlIjoxODAwMDAwMDAwMDAwLCJkZWxldGUiOjE4MDAwMDAwMDAwMDAsInJlYWQiOjMwMDAwMDAwMDAwMCwidXBkYXRlIjoxODAwMDAwMDAwMDAwfX0=",
          "dependencies": [
            "azurerm_network_security_group.active-directory-dc-nsg",
            "azurerm_resource_group.network-rg",
            "random_string.suffix"
          ]
        }
      ]
    },
    {
      "mode": "managed",
      "type": "azurerm_network_security_rule",
      "name": "udp_389_dc_outbound",
      "provider": "provider[\"registry.terraform.io/hashicorp/azurerm\"]",
      "instances": [
        {
          "index_key": 0,
          "schema_version": 0,
          "attributes": {
            "access": "Allow",
            "description": "389-UDP-1-Outbound",
            "destination_address_prefix": "10.127.1.11",
            "destination_address_prefixes": null,
            "destination_application_security_group_ids": null,
            "destination_port_range": "389",
            "destination_port_ranges": null,
            "direction": "Outbound",
            "id": "/subscriptions/e9ee8090-9784-42d6-9534-bc1d881eeff6/resourceGroups/security-team-qufi/providers/Microsoft.Network/networkSecurityGroups/security-team-dev-dc-nsg/securityRules/389-UDP-1-Outbound",
            "name": "389-UDP-1-Outbound",
            "network_security_group_name": "security-team-dev-dc-nsg",
            "priority": 190,
            "protocol": "Udp",
            "resource_group_name": "security-team-qufi",
            "source_address_prefix": "*",
            "source_address_prefixes": null,
            "source_application_security_group_ids": null,
            "source_port_range": "*",
            "source_port_ranges": null,
            "timeouts": null
          },
          "sensitive_attributes": [],
          "private": "eyJlMmJmYjczMC1lY2FhLTExZTYtOGY4OC0zNDM2M2JjN2M0YzAiOnsiY3JlYXRlIjoxODAwMDAwMDAwMDAwLCJkZWxldGUiOjE4MDAwMDAwMDAwMDAsInJlYWQiOjMwMDAwMDAwMDAwMCwidXBkYXRlIjoxODAwMDAwMDAwMDAwfX0=",
          "dependencies": [
            "azurerm_network_security_group.active-directory-dc-nsg",
            "azurerm_resource_group.network-rg",
            "random_string.suffix"
          ]
        }
      ]
    },
    {
      "mode": "managed",
      "type": "azurerm_network_security_rule",
      "name": "udp_464_dc_inbound",
      "provider": "provider[\"registry.terraform.io/hashicorp/azurerm\"]",
      "instances": [
        {
          "index_key": 0,
          "schema_version": 0,
          "attributes": {
            "access": "Allow",
            "description": "464-Kerb-udp-1-Inbound",
            "destination_address_prefix": "*",
            "destination_address_prefixes": null,
            "destination_application_security_group_ids": null,
            "destination_port_range": "464",
            "destination_port_ranges": null,
            "direction": "Inbound",
            "id": "/subscriptions/e9ee8090-9784-42d6-9534-bc1d881eeff6/resourceGroups/security-team-qufi/providers/Microsoft.Network/networkSecurityGroups/security-team-dev-dc-nsg/securityRules/464-Kerb-udp-1-Inbound",
            "name": "464-Kerb-udp-1-Inbound",
            "network_security_group_name": "security-team-dev-dc-nsg",
            "priority": 220,
            "protocol": "Udp",
            "resource_group_name": "security-team-qufi",
            "source_address_prefix": "10.127.1.11",
            "source_address_prefixes": null,
            "source_application_security_group_ids": null,
            "source_port_range": "*",
            "source_port_ranges": null,
            "timeouts": null
          },
          "sensitive_attributes": [],
          "private": "eyJlMmJmYjczMC1lY2FhLTExZTYtOGY4OC0zNDM2M2JjN2M0YzAiOnsiY3JlYXRlIjoxODAwMDAwMDAwMDAwLCJkZWxldGUiOjE4MDAwMDAwMDAwMDAsInJlYWQiOjMwMDAwMDAwMDAwMCwidXBkYXRlIjoxODAwMDAwMDAwMDAwfX0=",
          "dependencies": [
            "azurerm_network_security_group.active-directory-dc-nsg",
            "azurerm_resource_group.network-rg",
            "random_string.suffix"
          ]
        }
      ]
    },
    {
      "mode": "managed",
      "type": "azurerm_network_security_rule",
      "name": "udp_464_dc_outbound",
      "provider": "provider[\"registry.terraform.io/hashicorp/azurerm\"]",
      "instances": [
        {
          "index_key": 0,
          "schema_version": 0,
          "attributes": {
            "access": "Allow",
            "description": "464-UDP-1-Outbound",
            "destination_address_prefix": "10.127.1.11",
            "destination_address_prefixes": null,
            "destination_application_security_group_ids": null,
            "destination_port_range": "464",
            "destination_port_ranges": null,
            "direction": "Outbound",
            "id": "/subscriptions/e9ee8090-9784-42d6-9534-bc1d881eeff6/resourceGroups/security-team-qufi/providers/Microsoft.Network/networkSecurityGroups/security-team-dev-dc-nsg/securityRules/464-UDP-1-Outbound",
            "name": "464-UDP-1-Outbound",
            "network_security_group_name": "security-team-dev-dc-nsg",
            "priority": 220,
            "protocol": "Udp",
            "resource_group_name": "security-team-qufi",
            "source_address_prefix": "*",
            "source_address_prefixes": null,
            "source_application_security_group_ids": null,
            "source_port_range": "*",
            "source_port_ranges": null,
            "timeouts": null
          },
          "sensitive_attributes": [],
          "private": "eyJlMmJmYjczMC1lY2FhLTExZTYtOGY4OC0zNDM2M2JjN2M0YzAiOnsiY3JlYXRlIjoxODAwMDAwMDAwMDAwLCJkZWxldGUiOjE4MDAwMDAwMDAwMDAsInJlYWQiOjMwMDAwMDAwMDAwMCwidXBkYXRlIjoxODAwMDAwMDAwMDAwfX0=",
          "dependencies": [
            "azurerm_network_security_group.active-directory-dc-nsg",
            "azurerm_resource_group.network-rg",
            "random_string.suffix"
          ]
        }
      ]
    },
    {
      "mode": "managed",
      "type": "azurerm_network_security_rule",
      "name": "udp_49152-65535_client_inbound",
      "provider": "provider[\"registry.terraform.io/hashicorp/azurerm\"]",
      "instances": [
        {
          "index_key": 0,
          "schema_version": 0,
          "attributes": {
            "access": "Allow",
            "description": "49152-65535-UDP-DC1-Inbound",
            "destination_address_prefix": "*",
            "destination_address_prefixes": null,
            "destination_application_security_group_ids": null,
            "destination_port_range": "49152-65535",
            "destination_port_ranges": null,
            "direction": "Inbound",
            "id": "/subscriptions/e9ee8090-9784-42d6-9534-bc1d881eeff6/resourceGroups/security-team-qufi/providers/Microsoft.Network/networkSecurityGroups/security-team-dev-client-nsg/securityRules/49152-65535-UDP-DC1-Inbound",
            "name": "49152-65535-UDP-DC1-Inbound",
            "network_security_group_name": "security-team-dev-client-nsg",
            "priority": 210,
            "protocol": "Udp",
            "resource_group_name": "security-team-qufi",
            "source_address_prefix": "10.127.1.12",
            "source_address_prefixes": null,
            "source_application_security_group_ids": null,
            "source_port_range": "*",
            "source_port_ranges": null,
            "timeouts": null
          },
          "sensitive_attributes": [],
          "private": "eyJlMmJmYjczMC1lY2FhLTExZTYtOGY4OC0zNDM2M2JjN2M0YzAiOnsiY3JlYXRlIjoxODAwMDAwMDAwMDAwLCJkZWxldGUiOjE4MDAwMDAwMDAwMDAsInJlYWQiOjMwMDAwMDAwMDAwMCwidXBkYXRlIjoxODAwMDAwMDAwMDAwfX0=",
          "dependencies": [
            "azurerm_network_security_group.active-directory-client-nsg",
            "azurerm_resource_group.network-rg",
            "random_string.suffix"
          ]
        }
      ]
    },
    {
      "mode": "managed",
      "type": "azurerm_network_security_rule",
      "name": "udp_49152-65535_client_outbound",
      "provider": "provider[\"registry.terraform.io/hashicorp/azurerm\"]",
      "instances": [
        {
          "index_key": 0,
          "schema_version": 0,
          "attributes": {
            "access": "Allow",
            "description": "49152-65535-UDP-DC1-outbound",
            "destination_address_prefix": "10.127.1.12",
            "destination_address_prefixes": null,
            "destination_application_security_group_ids": null,
            "destination_port_range": "49152-65535",
            "destination_port_ranges": null,
            "direction": "Outbound",
            "id": "/subscriptions/e9ee8090-9784-42d6-9534-bc1d881eeff6/resourceGroups/security-team-qufi/providers/Microsoft.Network/networkSecurityGroups/security-team-dev-client-nsg/securityRules/49152-65535-UDP-DC1-outbound",
            "name": "49152-65535-UDP-DC1-outbound",
            "network_security_group_name": "security-team-dev-client-nsg",
            "priority": 210,
            "protocol": "Udp",
            "resource_group_name": "security-team-qufi",
            "source_address_prefix": "*",
            "source_address_prefixes": null,
            "source_application_security_group_ids": null,
            "source_port_range": "*",
            "source_port_ranges": null,
            "timeouts": null
          },
          "sensitive_attributes": [],
          "private": "eyJlMmJmYjczMC1lY2FhLTExZTYtOGY4OC0zNDM2M2JjN2M0YzAiOnsiY3JlYXRlIjoxODAwMDAwMDAwMDAwLCJkZWxldGUiOjE4MDAwMDAwMDAwMDAsInJlYWQiOjMwMDAwMDAwMDAwMCwidXBkYXRlIjoxODAwMDAwMDAwMDAwfX0=",
          "dependencies": [
            "azurerm_network_security_group.active-directory-client-nsg",
            "azurerm_resource_group.network-rg",
            "random_string.suffix"
          ]
        }
      ]
    },
    {
      "mode": "managed",
      "type": "azurerm_network_security_rule",
      "name": "udp_49152-65535_dc_inbound",
      "provider": "provider[\"registry.terraform.io/hashicorp/azurerm\"]",
      "instances": [
        {
          "index_key": 0,
          "schema_version": 0,
          "attributes": {
            "access": "Allow",
            "description": "49152-65535-UDP-DC1-Inbound",
            "destination_address_prefix": "*",
            "destination_address_prefixes": null,
            "destination_application_security_group_ids": null,
            "destination_port_range": "49152-65535",
            "destination_port_ranges": null,
            "direction": "Inbound",
            "id": "/subscriptions/e9ee8090-9784-42d6-9534-bc1d881eeff6/resourceGroups/security-team-qufi/providers/Microsoft.Network/networkSecurityGroups/security-team-dev-dc-nsg/securityRules/49152-65535-UDP-DC1-Inbound",
            "name": "49152-65535-UDP-DC1-Inbound",
            "network_security_group_name": "security-team-dev-dc-nsg",
            "priority": 260,
            "protocol": "Udp",
            "resource_group_name": "security-team-qufi",
            "source_address_prefix": "10.127.1.11",
            "source_address_prefixes": null,
            "source_application_security_group_ids": null,
            "source_port_range": "*",
            "source_port_ranges": null,
            "timeouts": null
          },
          "sensitive_attributes": [],
          "private": "eyJlMmJmYjczMC1lY2FhLTExZTYtOGY4OC0zNDM2M2JjN2M0YzAiOnsiY3JlYXRlIjoxODAwMDAwMDAwMDAwLCJkZWxldGUiOjE4MDAwMDAwMDAwMDAsInJlYWQiOjMwMDAwMDAwMDAwMCwidXBkYXRlIjoxODAwMDAwMDAwMDAwfX0=",
          "dependencies": [
            "azurerm_network_security_group.active-directory-dc-nsg",
            "azurerm_resource_group.network-rg",
            "random_string.suffix"
          ]
        }
      ]
    },
    {
      "mode": "managed",
      "type": "azurerm_network_security_rule",
      "name": "udp_53_client_inbound",
      "provider": "provider[\"registry.terraform.io/hashicorp/azurerm\"]",
      "instances": [
        {
          "index_key": 0,
          "schema_version": 0,
          "attributes": {
            "access": "Allow",
            "description": "53-DNS-udp-1-Inbound",
            "destination_address_prefix": "*",
            "destination_address_prefixes": null,
            "destination_application_security_group_ids": null,
            "destination_port_range": "53",
            "destination_port_ranges": null,
            "direction": "Inbound",
            "id": "/subscriptions/e9ee8090-9784-42d6-9534-bc1d881eeff6/resourceGroups/security-team-qufi/providers/Microsoft.Network/networkSecurityGroups/security-team-dev-client-nsg/securityRules/53-DNS-udp-1-Inbound",
            "name": "53-DNS-udp-1-Inbound",
            "network_security_group_name": "security-team-dev-client-nsg",
            "priority": 150,
            "protocol": "Udp",
            "resource_group_name": "security-team-qufi",
            "source_address_prefix": "10.127.1.12",
            "source_address_prefixes": null,
            "source_application_security_group_ids": null,
            "source_port_range": "*",
            "source_port_ranges": null,
            "timeouts": null
          },
          "sensitive_attributes": [],
          "private": "eyJlMmJmYjczMC1lY2FhLTExZTYtOGY4OC0zNDM2M2JjN2M0YzAiOnsiY3JlYXRlIjoxODAwMDAwMDAwMDAwLCJkZWxldGUiOjE4MDAwMDAwMDAwMDAsInJlYWQiOjMwMDAwMDAwMDAwMCwidXBkYXRlIjoxODAwMDAwMDAwMDAwfX0=",
          "dependencies": [
            "azurerm_network_security_group.active-directory-client-nsg",
            "azurerm_resource_group.network-rg",
            "random_string.suffix"
          ]
        }
      ]
    },
    {
      "mode": "managed",
      "type": "azurerm_network_security_rule",
      "name": "udp_53_client_outbound",
      "provider": "provider[\"registry.terraform.io/hashicorp/azurerm\"]",
      "instances": [
        {
          "index_key": 0,
          "schema_version": 0,
          "attributes": {
            "access": "Allow",
            "description": "53-DNS-1-outbound",
            "destination_address_prefix": "10.127.1.12",
            "destination_address_prefixes": null,
            "destination_application_security_group_ids": null,
            "destination_port_range": "53",
            "destination_port_ranges": null,
            "direction": "Outbound",
            "id": "/subscriptions/e9ee8090-9784-42d6-9534-bc1d881eeff6/resourceGroups/security-team-qufi/providers/Microsoft.Network/networkSecurityGroups/security-team-dev-client-nsg/securityRules/53-DNS-1-outbound",
            "name": "53-DNS-1-outbound",
            "network_security_group_name": "security-team-dev-client-nsg",
            "priority": 150,
            "protocol": "Udp",
            "resource_group_name": "security-team-qufi",
            "source_address_prefix": "*",
            "source_address_prefixes": null,
            "source_application_security_group_ids": null,
            "source_port_range": "*",
            "source_port_ranges": null,
            "timeouts": null
          },
          "sensitive_attributes": [],
          "private": "eyJlMmJmYjczMC1lY2FhLTExZTYtOGY4OC0zNDM2M2JjN2M0YzAiOnsiY3JlYXRlIjoxODAwMDAwMDAwMDAwLCJkZWxldGUiOjE4MDAwMDAwMDAwMDAsInJlYWQiOjMwMDAwMDAwMDAwMCwidXBkYXRlIjoxODAwMDAwMDAwMDAwfX0=",
          "dependencies": [
            "azurerm_network_security_group.active-directory-client-nsg",
            "azurerm_resource_group.network-rg",
            "random_string.suffix"
          ]
        }
      ]
    },
    {
      "mode": "managed",
      "type": "azurerm_network_security_rule",
      "name": "udp_53_dc_inbound",
      "provider": "provider[\"registry.terraform.io/hashicorp/azurerm\"]",
      "instances": [
        {
          "index_key": 0,
          "schema_version": 0,
          "attributes": {
            "access": "Allow",
            "description": "53-DNS-udp-1-Inbound",
            "destination_address_prefix": "*",
            "destination_address_prefixes": null,
            "destination_application_security_group_ids": null,
            "destination_port_range": "53",
            "destination_port_ranges": null,
            "direction": "Inbound",
            "id": "/subscriptions/e9ee8090-9784-42d6-9534-bc1d881eeff6/resourceGroups/security-team-qufi/providers/Microsoft.Network/networkSecurityGroups/security-team-dev-dc-nsg/securityRules/53-DNS-udp-1-Inbound",
            "name": "53-DNS-udp-1-Inbound",
            "network_security_group_name": "security-team-dev-dc-nsg",
            "priority": 110,
            "protocol": "Udp",
            "resource_group_name": "security-team-qufi",
            "source_address_prefix": "10.127.1.11",
            "source_address_prefixes": null,
            "source_application_security_group_ids": null,
            "source_port_range": "*",
            "source_port_ranges": null,
            "timeouts": null
          },
          "sensitive_attributes": [],
          "private": "eyJlMmJmYjczMC1lY2FhLTExZTYtOGY4OC0zNDM2M2JjN2M0YzAiOnsiY3JlYXRlIjoxODAwMDAwMDAwMDAwLCJkZWxldGUiOjE4MDAwMDAwMDAwMDAsInJlYWQiOjMwMDAwMDAwMDAwMCwidXBkYXRlIjoxODAwMDAwMDAwMDAwfX0=",
          "dependencies": [
            "azurerm_network_security_group.active-directory-dc-nsg",
            "azurerm_resource_group.network-rg",
            "random_string.suffix"
          ]
        }
      ]
    },
    {
      "mode": "managed",
      "type": "azurerm_network_security_rule",
      "name": "udp_53_dc_outbound",
      "provider": "provider[\"registry.terraform.io/hashicorp/azurerm\"]",
      "instances": [
        {
          "index_key": 0,
          "schema_version": 0,
          "attributes": {
            "access": "Allow",
            "description": "53-DNS-1-outbound",
            "destination_address_prefix": "10.127.1.11",
            "destination_address_prefixes": null,
            "destination_application_security_group_ids": null,
            "destination_port_range": "53",
            "destination_port_ranges": null,
            "direction": "Outbound",
            "id": "/subscriptions/e9ee8090-9784-42d6-9534-bc1d881eeff6/resourceGroups/security-team-qufi/providers/Microsoft.Network/networkSecurityGroups/security-team-dev-dc-nsg/securityRules/53-DNS-1-outbound",
            "name": "53-DNS-1-outbound",
            "network_security_group_name": "security-team-dev-dc-nsg",
            "priority": 110,
            "protocol": "Udp",
            "resource_group_name": "security-team-qufi",
            "source_address_prefix": "*",
            "source_address_prefixes": null,
            "source_application_security_group_ids": null,
            "source_port_range": "*",
            "source_port_ranges": null,
            "timeouts": null
          },
          "sensitive_attributes": [],
          "private": "eyJlMmJmYjczMC1lY2FhLTExZTYtOGY4OC0zNDM2M2JjN2M0YzAiOnsiY3JlYXRlIjoxODAwMDAwMDAwMDAwLCJkZWxldGUiOjE4MDAwMDAwMDAwMDAsInJlYWQiOjMwMDAwMDAwMDAwMCwidXBkYXRlIjoxODAwMDAwMDAwMDAwfX0=",
          "dependencies": [
            "azurerm_network_security_group.active-directory-dc-nsg",
            "azurerm_resource_group.network-rg",
            "random_string.suffix"
          ]
        }
      ]
    },
    {
      "mode": "managed",
      "type": "azurerm_network_security_rule",
      "name": "udp_88_dc_inbound",
      "provider": "provider[\"registry.terraform.io/hashicorp/azurerm\"]",
      "instances": [
        {
          "index_key": 0,
          "schema_version": 0,
          "attributes": {
            "access": "Allow",
            "description": "88-Kerb-udp-1-Inbound",
            "destination_address_prefix": "*",
            "destination_address_prefixes": null,
            "destination_application_security_group_ids": null,
            "destination_port_range": "88",
            "destination_port_ranges": null,
            "direction": "Inbound",
            "id": "/subscriptions/e9ee8090-9784-42d6-9534-bc1d881eeff6/resourceGroups/security-team-qufi/providers/Microsoft.Network/networkSecurityGroups/security-team-dev-dc-nsg/securityRules/88-Kerb-udp-1-Inbound",
            "name": "88-Kerb-udp-1-Inbound",
            "network_security_group_name": "security-team-dev-dc-nsg",
            "priority": 130,
            "protocol": "Udp",
            "resource_group_name": "security-team-qufi",
            "source_address_prefix": "10.127.1.11",
            "source_address_prefixes": null,
            "source_application_security_group_ids": null,
            "source_port_range": "*",
            "source_port_ranges": null,
            "timeouts": null
          },
          "sensitive_attributes": [],
          "private": "eyJlMmJmYjczMC1lY2FhLTExZTYtOGY4OC0zNDM2M2JjN2M0YzAiOnsiY3JlYXRlIjoxODAwMDAwMDAwMDAwLCJkZWxldGUiOjE4MDAwMDAwMDAwMDAsInJlYWQiOjMwMDAwMDAwMDAwMCwidXBkYXRlIjoxODAwMDAwMDAwMDAwfX0=",
          "dependencies": [
            "azurerm_network_security_group.active-directory-dc-nsg",
            "azurerm_resource_group.network-rg",
            "random_string.suffix"
          ]
        }
      ]
    },
    {
      "mode": "managed",
      "type": "azurerm_network_security_rule",
      "name": "udp_88_dc_outbound",
      "provider": "provider[\"registry.terraform.io/hashicorp/azurerm\"]",
      "instances": [
        {
          "index_key": 0,
          "schema_version": 0,
          "attributes": {
            "access": "Allow",
            "description": "88-Kerb-udp-1-outbound",
            "destination_address_prefix": "10.127.1.11",
            "destination_address_prefixes": null,
            "destination_application_security_group_ids": null,
            "destination_port_range": "88",
            "destination_port_ranges": null,
            "direction": "Outbound",
            "id": "/subscriptions/e9ee8090-9784-42d6-9534-bc1d881eeff6/resourceGroups/security-team-qufi/providers/Microsoft.Network/networkSecurityGroups/security-team-dev-dc-nsg/securityRules/A88-Kerb-udp-1-outbound",
            "name": "A88-Kerb-udp-1-outbound",
            "network_security_group_name": "security-team-dev-dc-nsg",
            "priority": 130,
            "protocol": "Udp",
            "resource_group_name": "security-team-qufi",
            "source_address_prefix": "*",
            "source_address_prefixes": null,
            "source_application_security_group_ids": null,
            "source_port_range": "*",
            "source_port_ranges": null,
            "timeouts": null
          },
          "sensitive_attributes": [],
          "private": "eyJlMmJmYjczMC1lY2FhLTExZTYtOGY4OC0zNDM2M2JjN2M0YzAiOnsiY3JlYXRlIjoxODAwMDAwMDAwMDAwLCJkZWxldGUiOjE4MDAwMDAwMDAwMDAsInJlYWQiOjMwMDAwMDAwMDAwMCwidXBkYXRlIjoxODAwMDAwMDAwMDAwfX0=",
          "dependencies": [
            "azurerm_network_security_group.active-directory-dc-nsg",
            "azurerm_resource_group.network-rg",
            "random_string.suffix"
          ]
        }
      ]
    },
    {
      "mode": "managed",
      "type": "azurerm_public_ip",
      "name": "dc1-eip",
      "provider": "provider[\"registry.terraform.io/hashicorp/azurerm\"]",
      "instances": [
        {
          "schema_version": 0,
          "attributes": {
            "allocation_method": "Static",
            "ddos_protection_mode": "VirtualNetworkInherited",
            "ddos_protection_plan_id": null,
            "domain_name_label": null,
            "edge_zone": "",
            "fqdn": null,
            "id": "/subscriptions/e9ee8090-9784-42d6-9534-bc1d881eeff6/resourceGroups/security-team-qufi/providers/Microsoft.Network/publicIPAddresses/hrz-sec-dc1-eip",
            "idle_timeout_in_minutes": 4,
            "ip_address": "172.211.11.94",
            "ip_tags": null,
            "ip_version": "IPv4",
            "location": "westeurope",
            "name": "hrz-sec-dc1-eip",
            "public_ip_prefix_id": null,
            "resource_group_name": "security-team-qufi",
            "reverse_fqdn": null,
            "sku": "Basic",
            "sku_tier": "Regional",
            "tags": {
              "application": "security team",
              "environment": "dev"
            },
            "timeouts": null,
            "zones": null
          },
          "sensitive_attributes": [],
          "private": "eyJlMmJmYjczMC1lY2FhLTExZTYtOGY4OC0zNDM2M2JjN2M0YzAiOnsiY3JlYXRlIjoxODAwMDAwMDAwMDAwLCJkZWxldGUiOjE4MDAwMDAwMDAwMDAsInJlYWQiOjMwMDAwMDAwMDAwMCwidXBkYXRlIjoxODAwMDAwMDAwMDAwfX0=",
          "dependencies": [
            "azurerm_resource_group.network-rg",
            "random_string.suffix"
          ]
        }
      ]
    },
    {
      "mode": "managed",
      "type": "azurerm_resource_group",
      "name": "network-rg",
      "provider": "provider[\"registry.terraform.io/hashicorp/azurerm\"]",
      "instances": [
        {
          "schema_version": 0,
          "attributes": {
            "id": "/subscriptions/e9ee8090-9784-42d6-9534-bc1d881eeff6/resourceGroups/security-team-qufi",
            "location": "westeurope",
            "name": "security-team-qufi",
            "tags": {
              "application": "security team",
              "environment": "dev"
            },
            "timeouts": null
          },
          "sensitive_attributes": [],
          "private": "eyJlMmJmYjczMC1lY2FhLTExZTYtOGY4OC0zNDM2M2JjN2M0YzAiOnsiY3JlYXRlIjo1NDAwMDAwMDAwMDAwLCJkZWxldGUiOjU0MDAwMDAwMDAwMDAsInJlYWQiOjMwMDAwMDAwMDAwMCwidXBkYXRlIjo1NDAwMDAwMDAwMDAwfX0=",
          "dependencies": [
            "random_string.suffix"
          ]
        }
      ]
    },
    {
      "mode": "managed",
      "type": "azurerm_subnet",
      "name": "network-subnet",
      "provider": "provider[\"registry.terraform.io/hashicorp/azurerm\"]",
      "instances": [
        {
          "schema_version": 0,
          "attributes": {
            "address_prefixes": [
              "10.127.1.0/24"
            ],
            "delegation": [],
            "enforce_private_link_endpoint_network_policies": false,
            "enforce_private_link_service_network_policies": false,
            "id": "/subscriptions/e9ee8090-9784-42d6-9534-bc1d881eeff6/resourceGroups/security-team-qufi/providers/Microsoft.Network/virtualNetworks/security-team-qufi/subnets/security-team-qufi",
            "name": "security-team-qufi",
            "private_endpoint_network_policies_enabled": true,
            "private_link_service_network_policies_enabled": true,
            "resource_group_name": "security-team-qufi",
            "service_endpoint_policy_ids": null,
            "service_endpoints": null,
            "timeouts": null,
            "virtual_network_name": "security-team-qufi"
          },
          "sensitive_attributes": [],
          "private": "eyJlMmJmYjczMC1lY2FhLTExZTYtOGY4OC0zNDM2M2JjN2M0YzAiOnsiY3JlYXRlIjoxODAwMDAwMDAwMDAwLCJkZWxldGUiOjE4MDAwMDAwMDAwMDAsInJlYWQiOjMwMDAwMDAwMDAwMCwidXBkYXRlIjoxODAwMDAwMDAwMDAwfX0=",
          "dependencies": [
            "azurerm_resource_group.network-rg",
            "azurerm_virtual_network.network-vnet",
            "random_string.suffix"
          ]
        }
      ]
    },
    {
      "mode": "managed",
      "type": "azurerm_virtual_machine_extension",
      "name": "dc1-vm-extension",
      "provider": "provider[\"registry.terraform.io/hashicorp/azurerm\"]",
      "instances": [
        {
          "schema_version": 0,
          "attributes": {
            "auto_upgrade_minor_version": false,
            "automatic_upgrade_enabled": false,
            "failure_suppression_enabled": false,
            "id": "/subscriptions/e9ee8090-9784-42d6-9534-bc1d881eeff6/resourceGroups/security-team-qufi/providers/Microsoft.Compute/virtualMachines/hrz-sec-dc1-vm/extensions/hrz-sec-dc1-vm-active-directory",
            "name": "hrz-sec-dc1-vm-active-directory",
            "protected_settings": null,
            "protected_settings_from_key_vault": [],
            "publisher": "Microsoft.Compute",
            "settings": "{\"commandToExecute\":\"powershell.exe -Command \\\"Import-Module ServerManager; Install-WindowsFeature AD-Domain-Services -IncludeAllSubFeature -IncludeManagementTools; Install-WindowsFeature DNS -IncludeAllSubFeature -IncludeManagementTools; Import-Module ADDSDeployment; Import-Module DnsServer; Install-ADDSForest -DomainName mondoo.local -DomainNetbiosName mondoo -DomainMode WinThreshold -ForestMode WinThreshold -DatabasePath C:/Windows/NTDS -SysvolPath C:/Windows/SYSVOL -LogPath C:/Windows/NTDS -NoRebootOnCompletion:$false -Force:$true -SafeModeAdministratorPassword (ConvertTo-SecureString R3c0v3ryAcc3ssM0d3 -AsPlainText -Force); shutdown -r -t 10; exit 0\\\"\"}",
            "tags": {
              "application": "security team",
              "environment": "dev"
            },
            "timeouts": null,
            "type": "CustomScriptExtension",
            "type_handler_version": "1.9",
            "virtual_machine_id": "/subscriptions/e9ee8090-9784-42d6-9534-bc1d881eeff6/resourceGroups/security-team-qufi/providers/Microsoft.Compute/virtualMachines/hrz-sec-dc1-vm"
          },
          "sensitive_attributes": [
            [
              {
                "type": "get_attr",
                "value": "protected_settings"
              }
            ]
          ],
          "private": "eyJlMmJmYjczMC1lY2FhLTExZTYtOGY4OC0zNDM2M2JjN2M0YzAiOnsiY3JlYXRlIjoxODAwMDAwMDAwMDAwLCJkZWxldGUiOjE4MDAwMDAwMDAwMDAsInJlYWQiOjMwMDAwMDAwMDAwMCwidXBkYXRlIjoxODAwMDAwMDAwMDAwfX0=",
          "dependencies": [
            "azurerm_network_interface.dc1-nic",
            "azurerm_public_ip.dc1-eip",
            "azurerm_resource_group.network-rg",
            "azurerm_subnet.network-subnet",
            "azurerm_virtual_network.network-vnet",
            "azurerm_windows_virtual_machine.dc1-vm",
            "random_string.suffix"
          ]
        }
      ]
    },
    {
      "mode": "managed",
      "type": "azurerm_virtual_network",
      "name": "network-vnet",
      "provider": "provider[\"registry.terraform.io/hashicorp/azurerm\"]",
      "instances": [
        {
          "schema_version": 0,
          "attributes": {
            "address_space": [
              "10.127.0.0/16"
            ],
            "bgp_community": "",
            "ddos_protection_plan": [],
            "dns_servers": [],
            "edge_zone": "",
            "flow_timeout_in_minutes": 0,
            "guid": "45e11159-4cb4-4279-b33b-0c7a81fc4c74",
            "id": "/subscriptions/e9ee8090-9784-42d6-9534-bc1d881eeff6/resourceGroups/security-team-qufi/providers/Microsoft.Network/virtualNetworks/security-team-qufi",
            "location": "westeurope",
            "name": "security-team-qufi",
            "resource_group_name": "security-team-qufi",
            "subnet": [],
            "tags": {
              "application": "security team",
              "environment": "dev"
            },
            "timeouts": null
          },
          "sensitive_attributes": [],
          "private": "eyJlMmJmYjczMC1lY2FhLTExZTYtOGY4OC0zNDM2M2JjN2M0YzAiOnsiY3JlYXRlIjoxODAwMDAwMDAwMDAwLCJkZWxldGUiOjE4MDAwMDAwMDAwMDAsInJlYWQiOjMwMDAwMDAwMDAwMCwidXBkYXRlIjoxODAwMDAwMDAwMDAwfX0=",
          "dependencies": [
            "azurerm_resource_group.network-rg",
            "random_string.suffix"
          ]
        }
      ]
    },
    {
      "mode": "managed",
      "type": "azurerm_windows_virtual_machine",
      "name": "dc1-vm",
      "provider": "provider[\"registry.terraform.io/hashicorp/azurerm\"]",
      "instances": [
        {
          "schema_version": 0,
          "attributes": {
            "additional_capabilities": [],
            "additional_unattend_content": [],
            "admin_password": "HosseiN110110110",
            "admin_username": "hrouhan",
            "allow_extension_operations": true,
            "availability_set_id": "",
            "boot_diagnostics": [],
            "capacity_reservation_group_id": "",
            "computer_name": "hrz-sec-dc1-vm",
            "custom_data": null,
            "dedicated_host_group_id": "",
            "dedicated_host_id": "",
            "edge_zone": "",
            "enable_automatic_updates": true,
            "encryption_at_host_enabled": false,
            "eviction_policy": "",
            "extensions_time_budget": "PT1H30M",
            "gallery_application": [],
            "hotpatching_enabled": false,
            "id": "/subscriptions/e9ee8090-9784-42d6-9534-bc1d881eeff6/resourceGroups/security-team-qufi/providers/Microsoft.Compute/virtualMachines/hrz-sec-dc1-vm",
            "identity": [],
            "license_type": "",
            "location": "westeurope",
            "max_bid_price": -1,
            "name": "hrz-sec-dc1-vm",
            "network_interface_ids": [
              "/subscriptions/e9ee8090-9784-42d6-9534-bc1d881eeff6/resourceGroups/security-team-qufi/providers/Microsoft.Network/networkInterfaces/hrz-sec-dc1-nic"
            ],
            "os_disk": [
              {
                "caching": "ReadWrite",
                "diff_disk_settings": [],
                "disk_encryption_set_id": "",
                "disk_size_gb": 127,
                "name": "hrz-sec-dc1-vm-os-disk",
                "secure_vm_disk_encryption_set_id": "",
                "security_encryption_type": "",
                "storage_account_type": "Standard_LRS",
                "write_accelerator_enabled": false
              }
            ],
            "patch_assessment_mode": "ImageDefault",
            "patch_mode": "AutomaticByOS",
            "plan": [],
            "platform_fault_domain": -1,
            "priority": "Regular",
            "private_ip_address": "10.127.1.11",
            "private_ip_addresses": [
              "10.127.1.11"
            ],
            "provision_vm_agent": true,
            "proximity_placement_group_id": "",
            "public_ip_address": "172.211.11.94",
            "public_ip_addresses": [
              "172.211.11.94"
            ],
            "resource_group_name": "security-team-qufi",
            "secret": [],
            "secure_boot_enabled": false,
            "size": "Standard_D4_v3",
            "source_image_id": "",
            "source_image_reference": [
              {
                "offer": "WindowsServer",
                "publisher": "MicrosoftWindowsServer",
                "sku": "2016-Datacenter",
                "version": "latest"
              }
            ],
            "tags": {
              "application": "security team",
              "environment": "dev"
            },
            "termination_notification": null,
            "timeouts": null,
            "timezone": "",
            "user_data": "",
            "virtual_machine_id": "9fe207e0-3f5d-439d-8a8d-43aae2c1c1d5",
            "virtual_machine_scale_set_id": "",
            "vtpm_enabled": false,
            "winrm_listener": [],
            "zone": ""
          },
          "sensitive_attributes": [
            [
              {
                "type": "get_attr",
                "value": "admin_password"
              }
            ],
            [
              {
                "type": "get_attr",
                "value": "custom_data"
              }
            ]
          ],
          "private": "eyJlMmJmYjczMC1lY2FhLTExZTYtOGY4OC0zNDM2M2JjN2M0YzAiOnsiY3JlYXRlIjoyNzAwMDAwMDAwMDAwLCJkZWxldGUiOjI3MDAwMDAwMDAwMDAsInJlYWQiOjMwMDAwMDAwMDAwMCwidXBkYXRlIjoyNzAwMDAwMDAwMDAwfX0=",
          "dependencies": [
            "azurerm_network_interface.dc1-nic",
            "azurerm_public_ip.dc1-eip",
            "azurerm_resource_group.network-rg",
            "azurerm_subnet.network-subnet",
            "azurerm_virtual_network.network-vnet",
            "random_string.suffix"
          ]
        }
      ]
    },
    {
      "mode": "managed",
      "type": "random_string",
      "name": "suffix",
      "provider": "provider[\"registry.terraform.io/hashicorp/random\"]",
      "instances": [
        {
          "schema_version": 1,
          "attributes": {
            "id": "qufi",
            "keepers": null,
            "length": 4,
            "lower": true,
            "min_lower": 0,
            "min_numeric": 0,
            "min_special": 0,
            "min_upper": 0,
            "number": true,
            "override_special": null,
            "result": "qufi",
            "special": false,
            "upper": false
          },
          "sensitive_attributes": [],
          "private": "eyJzY2hlbWFfdmVyc2lvbiI6IjEifQ=="
        }
      ]
    }
  ],
  "check_results": null
}
